// !$*UTF8*$!
{
	archiveVersion = 1;
	classes = {
	};
	objectVersion = 52;
	objects = {

/* Begin PBXAggregateTarget section */
		8B8B19BF23426B47009D195A /* Fixtures */ = {
			isa = PBXAggregateTarget;
			buildConfigurationList = 8B8B19C023426B47009D195A /* Build configuration list for PBXAggregateTarget "Fixtures" */;
			buildPhases = (
				8B8B19C523426B52009D195A /* ShellScript */,
			);
			dependencies = (
				8B8B19C423426B4E009D195A /* PBXTargetDependency */,
			);
			name = Fixtures;
			productName = Fixtures;
		};
/* End PBXAggregateTarget section */

/* Begin PBXBuildFile section */
		8B017DA52347AC86003975CF /* APIClientSendTests.swift in Sources */ = {isa = PBXBuildFile; fileRef = 8BD085222345E9BD006D33DE /* APIClientSendTests.swift */; };
		8B30B8632348FBFD00E4D852 /* API+XCTest.swift in CopyFiles */ = {isa = PBXBuildFile; fileRef = 8B017D7D2347A373003975CF /* API+XCTest.swift */; };
		8B30B8642348FBFD00E4D852 /* API+Error.swift in CopyFiles */ = {isa = PBXBuildFile; fileRef = 8B30B8612348FB7600E4D852 /* API+Error.swift */; };
		8B30B8652348FBFD00E4D852 /* APIConfigTesting.swift in CopyFiles */ = {isa = PBXBuildFile; fileRef = 8BD0866E23476792006D33DE /* APIConfigTesting.swift */; };
		8B30B8662348FBFD00E4D852 /* StubURL.swift in CopyFiles */ = {isa = PBXBuildFile; fileRef = 8BD0851923453A1F006D33DE /* StubURL.swift */; };
		8B30B87E2348FC1A00E4D852 /* APIConfigTesting.swift in Sources */ = {isa = PBXBuildFile; fileRef = 8B30B8692348FC1A00E4D852 /* APIConfigTesting.swift */; };
		8B30B87F2348FC1A00E4D852 /* StubURL.swift in Sources */ = {isa = PBXBuildFile; fileRef = 8B30B86A2348FC1A00E4D852 /* StubURL.swift */; };
		8B30B8802348FC1A00E4D852 /* API+XCTest.swift in Sources */ = {isa = PBXBuildFile; fileRef = 8B30B86B2348FC1A00E4D852 /* API+XCTest.swift */; };
		8B30B8812348FC1A00E4D852 /* API+Error.swift in Sources */ = {isa = PBXBuildFile; fileRef = 8B30B86C2348FC1A00E4D852 /* API+Error.swift */; };
		8B30B8822348FC1A00E4D852 /* APIConfiguration.swift in Sources */ = {isa = PBXBuildFile; fileRef = 8B30B86E2348FC1A00E4D852 /* APIConfiguration.swift */; };
		8B30B8832348FC1A00E4D852 /* DefaultAPI.swift in Sources */ = {isa = PBXBuildFile; fileRef = 8B30B8702348FC1A00E4D852 /* DefaultAPI.swift */; };
		8B30B8842348FC1A00E4D852 /* CodableHelper.swift in Sources */ = {isa = PBXBuildFile; fileRef = 8B30B8712348FC1A00E4D852 /* CodableHelper.swift */; };
		8B30B8852348FC1A00E4D852 /* APIs.swift in Sources */ = {isa = PBXBuildFile; fileRef = 8B30B8722348FC1A00E4D852 /* APIs.swift */; };
		8B30B8862348FC1A00E4D852 /* PetError.swift in Sources */ = {isa = PBXBuildFile; fileRef = 8B30B8742348FC1A00E4D852 /* PetError.swift */; };
		8B30B8872348FC1A00E4D852 /* Pets.swift in Sources */ = {isa = PBXBuildFile; fileRef = 8B30B8752348FC1A00E4D852 /* Pets.swift */; };
		8B30B8882348FC1A00E4D852 /* OwnerPerson.swift in Sources */ = {isa = PBXBuildFile; fileRef = 8B30B8762348FC1A00E4D852 /* OwnerPerson.swift */; };
		8B30B8892348FC1A00E4D852 /* Pet.swift in Sources */ = {isa = PBXBuildFile; fileRef = 8B30B8772348FC1A00E4D852 /* Pet.swift */; };
		8B30B88A2348FC1A00E4D852 /* UpdatePet.swift in Sources */ = {isa = PBXBuildFile; fileRef = 8B30B8782348FC1A00E4D852 /* UpdatePet.swift */; };
		8B30B88B2348FC1A00E4D852 /* NewPet.swift in Sources */ = {isa = PBXBuildFile; fileRef = 8B30B8792348FC1A00E4D852 /* NewPet.swift */; };
		8B30B88C2348FC1A00E4D852 /* Owner.swift in Sources */ = {isa = PBXBuildFile; fileRef = 8B30B87A2348FC1A00E4D852 /* Owner.swift */; };
		8B30B88D2348FC1A00E4D852 /* Extensions.swift in Sources */ = {isa = PBXBuildFile; fileRef = 8B30B87B2348FC1A00E4D852 /* Extensions.swift */; };
		8B30B88E2348FC1A00E4D852 /* Configuration.swift in Sources */ = {isa = PBXBuildFile; fileRef = 8B30B87D2348FC1A00E4D852 /* Configuration.swift */; };
		8B48DAC62344DCBB0053CCC9 /* APIHelperTests.swift in Sources */ = {isa = PBXBuildFile; fileRef = 8B48DAC52344DCBB0053CCC9 /* APIHelperTests.swift */; };
		8B631A56234CD05F0045BF05 /* SnapshotTesting in Frameworks */ = {isa = PBXBuildFile; productRef = 8B631A55234CD05F0045BF05 /* SnapshotTesting */; };
		8B631A58234CDB570045BF05 /* Snapshotting+OpenAPI.swift in Sources */ = {isa = PBXBuildFile; fileRef = 8B631A57234CDB570045BF05 /* Snapshotting+OpenAPI.swift */; };
		8B6B3640234CE22500D3DE25 /* libOpenApiGenerator.a in Frameworks */ = {isa = PBXBuildFile; fileRef = 8B6B3637234CE1F800D3DE25 /* libOpenApiGenerator.a */; };
		8B6B3641234CE23000D3DE25 /* Environment.swift in Sources */ = {isa = PBXBuildFile; fileRef = 8BD70917233E3F0E0018E06B /* Environment.swift */; };
		8B6B3642234CE23000D3DE25 /* APIClient.swift in Sources */ = {isa = PBXBuildFile; fileRef = 8BDE691D233286CC009342AD /* APIClient.swift */; };
		8B6B3643234CE23000D3DE25 /* SwaggerClientGenerator.swift in Sources */ = {isa = PBXBuildFile; fileRef = 8BDEB0B92340DBC10095A6E0 /* SwaggerClientGenerator.swift */; };
		8B6B3644234CE23000D3DE25 /* MacFileSystem.swift in Sources */ = {isa = PBXBuildFile; fileRef = 8BDEB0BB2340DBE10095A6E0 /* MacFileSystem.swift */; };
		8B6B3645234CE23000D3DE25 /* FileSystem.swift in Sources */ = {isa = PBXBuildFile; fileRef = 8BD70915233E3D650018E06B /* FileSystem.swift */; };
		8B6B3646234CE23000D3DE25 /* ClientGenerator.swift in Sources */ = {isa = PBXBuildFile; fileRef = 8BD70919233E3F610018E06B /* ClientGenerator.swift */; };
		8B6B3647234CE23000D3DE25 /* APIClientError.swift in Sources */ = {isa = PBXBuildFile; fileRef = 8B22DD6B2338D2000000CED9 /* APIClientError.swift */; };
		8B6B3648234CE23000D3DE25 /* FileSystemError.swift in Sources */ = {isa = PBXBuildFile; fileRef = 8BDEB0B32340D5850095A6E0 /* FileSystemError.swift */; };
		8B6B3649234CE23000D3DE25 /* GeneratorError.swift in Sources */ = {isa = PBXBuildFile; fileRef = 8BDEB0B52340DAAF0095A6E0 /* GeneratorError.swift */; };
		8B6B364A234CE2A400D3DE25 /* libOpenApiGenerator.a in Frameworks */ = {isa = PBXBuildFile; fileRef = 8B6B3637234CE1F800D3DE25 /* libOpenApiGenerator.a */; };
		8B6B364E234CE66A00D3DE25 /* Swiftline in Frameworks */ = {isa = PBXBuildFile; productRef = 8B6B364D234CE66A00D3DE25 /* Swiftline */; };
		8B6B3655234CE74200D3DE25 /* String+Path.swift in Sources */ = {isa = PBXBuildFile; fileRef = 8BD90F4423328E2600281786 /* String+Path.swift */; };
		8B6B3656234CE74200D3DE25 /* String+Format.swift in Sources */ = {isa = PBXBuildFile; fileRef = 8BD70860233D23280018E06B /* String+Format.swift */; };
		8B8B19B823426AE4009D195A /* APIConfigTests.swift in Sources */ = {isa = PBXBuildFile; fileRef = 8B8B19B723426AE4009D195A /* APIConfigTests.swift */; };
		8B8B1C1423435AC0009D195A /* SwiftCheck in Frameworks */ = {isa = PBXBuildFile; productRef = 8B8B1C1323435AC0009D195A /* SwiftCheck */; };
		8B8B1C1723436195009D195A /* API+Generators.swift in Sources */ = {isa = PBXBuildFile; fileRef = 8B8B1C1623436195009D195A /* API+Generators.swift */; };
		8BD0851D23453DAE006D33DE /* Mock+Utility.swift in Sources */ = {isa = PBXBuildFile; fileRef = 8BD0851C23453DAE006D33DE /* Mock+Utility.swift */; };
		8BD90F2E23328DAF00281786 /* _param.mustache in CopyFiles */ = {isa = PBXBuildFile; fileRef = 8BDE6909233280FE009342AD /* _param.mustache */; };
		8BD90F2F23328DAF00281786 /* AlamofireImplementations.mustache in CopyFiles */ = {isa = PBXBuildFile; fileRef = 8BDE690E233280FE009342AD /* AlamofireImplementations.mustache */; };
		8BD90F3023328DAF00281786 /* api.mustache in CopyFiles */ = {isa = PBXBuildFile; fileRef = 8BDE6911233280FE009342AD /* api.mustache */; };
		8BD90F3123328DAF00281786 /* APIHelper.mustache in CopyFiles */ = {isa = PBXBuildFile; fileRef = 8BDE690D233280FE009342AD /* APIHelper.mustache */; };
		8BD90F3223328DAF00281786 /* APIs.mustache in CopyFiles */ = {isa = PBXBuildFile; fileRef = 8BDE6914233280FF009342AD /* APIs.mustache */; };
		8BD90F3323328DAF00281786 /* Cartfile.mustache in CopyFiles */ = {isa = PBXBuildFile; fileRef = 8BDE690C233280FE009342AD /* Cartfile.mustache */; };
		8BD90F3423328DAF00281786 /* CodableHelper.mustache in CopyFiles */ = {isa = PBXBuildFile; fileRef = 8BDE6906233280FE009342AD /* CodableHelper.mustache */; };
		8BD90F3523328DAF00281786 /* Configuration.mustache in CopyFiles */ = {isa = PBXBuildFile; fileRef = 8BDE6916233280FF009342AD /* Configuration.mustache */; };
		8BD90F3623328DAF00281786 /* Extensions.mustache in CopyFiles */ = {isa = PBXBuildFile; fileRef = 8BDE6904233280FE009342AD /* Extensions.mustache */; };
		8BD90F3723328DAF00281786 /* git_push.sh.mustache in CopyFiles */ = {isa = PBXBuildFile; fileRef = 8BDE6910233280FE009342AD /* git_push.sh.mustache */; };
		8BD90F3823328DAF00281786 /* gitignore.mustache in CopyFiles */ = {isa = PBXBuildFile; fileRef = 8BDE6907233280FE009342AD /* gitignore.mustache */; };
		8BD90F3923328DAF00281786 /* JSONEncodableEncoding.mustache in CopyFiles */ = {isa = PBXBuildFile; fileRef = 8BDE690B233280FE009342AD /* JSONEncodableEncoding.mustache */; };
		8BD90F3A23328DAF00281786 /* JSONEncodingHelper.mustache in CopyFiles */ = {isa = PBXBuildFile; fileRef = 8BDE6917233280FF009342AD /* JSONEncodingHelper.mustache */; };
		8BD90F3B23328DAF00281786 /* model.mustache in CopyFiles */ = {isa = PBXBuildFile; fileRef = 8BDE6908233280FE009342AD /* model.mustache */; };
		8BD90F3C23328DAF00281786 /* modelArray.mustache in CopyFiles */ = {isa = PBXBuildFile; fileRef = 8BDE6915233280FF009342AD /* modelArray.mustache */; };
		8BD90F3D23328DAF00281786 /* modelEnum.mustache in CopyFiles */ = {isa = PBXBuildFile; fileRef = 8BDE6903233280FE009342AD /* modelEnum.mustache */; };
		8BD90F3E23328DAF00281786 /* modelInlineEnumDeclaration.mustache in CopyFiles */ = {isa = PBXBuildFile; fileRef = 8BDE690A233280FE009342AD /* modelInlineEnumDeclaration.mustache */; };
		8BD90F3F23328DAF00281786 /* modelObject.mustache in CopyFiles */ = {isa = PBXBuildFile; fileRef = 8BDE6905233280FE009342AD /* modelObject.mustache */; };
		8BD90F4023328DAF00281786 /* Models.mustache in CopyFiles */ = {isa = PBXBuildFile; fileRef = 8BDE690F233280FE009342AD /* Models.mustache */; };
		8BD90F4123328DAF00281786 /* Podspec.mustache in CopyFiles */ = {isa = PBXBuildFile; fileRef = 8BDE6912233280FE009342AD /* Podspec.mustache */; };
		8BD90F4223328DAF00281786 /* README.mustache in CopyFiles */ = {isa = PBXBuildFile; fileRef = 8BDE6913233280FF009342AD /* README.mustache */; };
		8BDE68DA233233CE009342AD /* main.swift in Sources */ = {isa = PBXBuildFile; fileRef = 8BDE68D9233233CE009342AD /* main.swift */; };
		8BDE68ED23326E42009342AD /* Console.swift in Sources */ = {isa = PBXBuildFile; fileRef = 8BDE68EC23326E42009342AD /* Console.swift */; };
		8BDE691B23328538009342AD /* CommandLine.swift in Sources */ = {isa = PBXBuildFile; fileRef = 8BDE691A23328538009342AD /* CommandLine.swift */; };
		8BFE7E41234E10D4003E97BF /* APIClientModelsTests.swift in Sources */ = {isa = PBXBuildFile; fileRef = 8BFE7E40234E10D4003E97BF /* APIClientModelsTests.swift */; };
		8BFE7E43234E11FA003E97BF /* URL+Paths.swift in Sources */ = {isa = PBXBuildFile; fileRef = 8BFE7E42234E11FA003E97BF /* URL+Paths.swift */; };
		8BFE7E4E234E1732003E97BF /* Bow in Frameworks */ = {isa = PBXBuildFile; productRef = 8BFE7E4D234E1732003E97BF /* Bow */; };
		8BFE7E50234E1732003E97BF /* BowEffects in Frameworks */ = {isa = PBXBuildFile; productRef = 8BFE7E4F234E1732003E97BF /* BowEffects */; };
		8BFE7E52234E1732003E97BF /* BowOptics in Frameworks */ = {isa = PBXBuildFile; productRef = 8BFE7E51234E1732003E97BF /* BowOptics */; };
		8BFE7E56234E1D21003E97BF /* URL+FileSystem.swift in Sources */ = {isa = PBXBuildFile; fileRef = 8BFE7E55234E1D21003E97BF /* URL+FileSystem.swift */; };
		8BFE7E62234F7107003E97BF /* APIClientGeneratorTests.swift in Sources */ = {isa = PBXBuildFile; fileRef = 8BFE7E61234F7107003E97BF /* APIClientGeneratorTests.swift */; };
		8BFE7E64234F7130003E97BF /* APIClientHttpOperationTests.swift in Sources */ = {isa = PBXBuildFile; fileRef = 8BFE7E63234F7130003E97BF /* APIClientHttpOperationTests.swift */; };
		8BFE7E66234F7192003E97BF /* APIClientParametersTests.swift in Sources */ = {isa = PBXBuildFile; fileRef = 8BFE7E65234F7192003E97BF /* APIClientParametersTests.swift */; };
		8BFE7E68234F7EF0003E97BF /* APIClientDocumentationTests.swift in Sources */ = {isa = PBXBuildFile; fileRef = 8BFE7E67234F7EF0003E97BF /* APIClientDocumentationTests.swift */; };
/* End PBXBuildFile section */

/* Begin PBXContainerItemProxy section */
		8B5F75722350A96200CE3E57 /* PBXContainerItemProxy */ = {
			isa = PBXContainerItemProxy;
			containerPortal = 8BDE68CE233233CE009342AD /* Project object */;
			proxyType = 1;
			remoteGlobalIDString = 8B6B3636234CE1F800D3DE25;
			remoteInfo = OpenApiGenerator;
		};
		8B8B19C323426B4E009D195A /* PBXContainerItemProxy */ = {
			isa = PBXContainerItemProxy;
			containerPortal = 8BDE68CE233233CE009342AD /* Project object */;
			proxyType = 1;
			remoteGlobalIDString = 8BDE68D5233233CE009342AD;
			remoteInfo = "Bow OpenAPI";
		};
/* End PBXContainerItemProxy section */

/* Begin PBXCopyFilesBuildPhase section */
		8BDE68D4233233CE009342AD /* CopyFiles */ = {
			isa = PBXCopyFilesBuildPhase;
			buildActionMask = 12;
			dstPath = bow/openapi/templates;
			dstSubfolderSpec = 16;
			files = (
				8B30B8632348FBFD00E4D852 /* API+XCTest.swift in CopyFiles */,
				8B30B8642348FBFD00E4D852 /* API+Error.swift in CopyFiles */,
				8B30B8652348FBFD00E4D852 /* APIConfigTesting.swift in CopyFiles */,
				8B30B8662348FBFD00E4D852 /* StubURL.swift in CopyFiles */,
				8BD90F2E23328DAF00281786 /* _param.mustache in CopyFiles */,
				8BD90F2F23328DAF00281786 /* AlamofireImplementations.mustache in CopyFiles */,
				8BD90F3023328DAF00281786 /* api.mustache in CopyFiles */,
				8BD90F3123328DAF00281786 /* APIHelper.mustache in CopyFiles */,
				8BD90F3223328DAF00281786 /* APIs.mustache in CopyFiles */,
				8BD90F3323328DAF00281786 /* Cartfile.mustache in CopyFiles */,
				8BD90F3423328DAF00281786 /* CodableHelper.mustache in CopyFiles */,
				8BD90F3523328DAF00281786 /* Configuration.mustache in CopyFiles */,
				8BD90F3623328DAF00281786 /* Extensions.mustache in CopyFiles */,
				8BD90F3723328DAF00281786 /* git_push.sh.mustache in CopyFiles */,
				8BD90F3823328DAF00281786 /* gitignore.mustache in CopyFiles */,
				8BD90F3923328DAF00281786 /* JSONEncodableEncoding.mustache in CopyFiles */,
				8BD90F3A23328DAF00281786 /* JSONEncodingHelper.mustache in CopyFiles */,
				8BD90F3B23328DAF00281786 /* model.mustache in CopyFiles */,
				8BD90F3C23328DAF00281786 /* modelArray.mustache in CopyFiles */,
				8BD90F3D23328DAF00281786 /* modelEnum.mustache in CopyFiles */,
				8BD90F3E23328DAF00281786 /* modelInlineEnumDeclaration.mustache in CopyFiles */,
				8BD90F3F23328DAF00281786 /* modelObject.mustache in CopyFiles */,
				8BD90F4023328DAF00281786 /* Models.mustache in CopyFiles */,
				8BD90F4123328DAF00281786 /* Podspec.mustache in CopyFiles */,
				8BD90F4223328DAF00281786 /* README.mustache in CopyFiles */,
			);
			runOnlyForDeploymentPostprocessing = 0;
		};
/* End PBXCopyFilesBuildPhase section */

/* Begin PBXFileReference section */
		8B017D7D2347A373003975CF /* API+XCTest.swift */ = {isa = PBXFileReference; lastKnownFileType = sourcecode.swift; path = "API+XCTest.swift"; sourceTree = "<group>"; };
		8B22DD6B2338D2000000CED9 /* APIClientError.swift */ = {isa = PBXFileReference; lastKnownFileType = sourcecode.swift; path = APIClientError.swift; sourceTree = "<group>"; };
		8B30B8612348FB7600E4D852 /* API+Error.swift */ = {isa = PBXFileReference; lastKnownFileType = sourcecode.swift; path = "API+Error.swift"; sourceTree = "<group>"; };
		8B30B8692348FC1A00E4D852 /* APIConfigTesting.swift */ = {isa = PBXFileReference; fileEncoding = 4; lastKnownFileType = sourcecode.swift; path = APIConfigTesting.swift; sourceTree = "<group>"; };
		8B30B86A2348FC1A00E4D852 /* StubURL.swift */ = {isa = PBXFileReference; fileEncoding = 4; lastKnownFileType = sourcecode.swift; path = StubURL.swift; sourceTree = "<group>"; };
		8B30B86B2348FC1A00E4D852 /* API+XCTest.swift */ = {isa = PBXFileReference; fileEncoding = 4; lastKnownFileType = sourcecode.swift; path = "API+XCTest.swift"; sourceTree = "<group>"; };
		8B30B86C2348FC1A00E4D852 /* API+Error.swift */ = {isa = PBXFileReference; fileEncoding = 4; lastKnownFileType = sourcecode.swift; path = "API+Error.swift"; sourceTree = "<group>"; };
		8B30B86E2348FC1A00E4D852 /* APIConfiguration.swift */ = {isa = PBXFileReference; fileEncoding = 4; lastKnownFileType = sourcecode.swift; path = APIConfiguration.swift; sourceTree = "<group>"; };
		8B30B8702348FC1A00E4D852 /* DefaultAPI.swift */ = {isa = PBXFileReference; fileEncoding = 4; lastKnownFileType = sourcecode.swift; path = DefaultAPI.swift; sourceTree = "<group>"; };
		8B30B8712348FC1A00E4D852 /* CodableHelper.swift */ = {isa = PBXFileReference; fileEncoding = 4; lastKnownFileType = sourcecode.swift; path = CodableHelper.swift; sourceTree = "<group>"; };
		8B30B8722348FC1A00E4D852 /* APIs.swift */ = {isa = PBXFileReference; fileEncoding = 4; lastKnownFileType = sourcecode.swift; path = APIs.swift; sourceTree = "<group>"; };
		8B30B8742348FC1A00E4D852 /* PetError.swift */ = {isa = PBXFileReference; fileEncoding = 4; lastKnownFileType = sourcecode.swift; path = PetError.swift; sourceTree = "<group>"; };
		8B30B8752348FC1A00E4D852 /* Pets.swift */ = {isa = PBXFileReference; fileEncoding = 4; lastKnownFileType = sourcecode.swift; path = Pets.swift; sourceTree = "<group>"; };
		8B30B8762348FC1A00E4D852 /* OwnerPerson.swift */ = {isa = PBXFileReference; fileEncoding = 4; lastKnownFileType = sourcecode.swift; path = OwnerPerson.swift; sourceTree = "<group>"; };
		8B30B8772348FC1A00E4D852 /* Pet.swift */ = {isa = PBXFileReference; fileEncoding = 4; lastKnownFileType = sourcecode.swift; path = Pet.swift; sourceTree = "<group>"; };
		8B30B8782348FC1A00E4D852 /* UpdatePet.swift */ = {isa = PBXFileReference; fileEncoding = 4; lastKnownFileType = sourcecode.swift; path = UpdatePet.swift; sourceTree = "<group>"; };
		8B30B8792348FC1A00E4D852 /* NewPet.swift */ = {isa = PBXFileReference; fileEncoding = 4; lastKnownFileType = sourcecode.swift; path = NewPet.swift; sourceTree = "<group>"; };
		8B30B87A2348FC1A00E4D852 /* Owner.swift */ = {isa = PBXFileReference; fileEncoding = 4; lastKnownFileType = sourcecode.swift; path = Owner.swift; sourceTree = "<group>"; };
		8B30B87B2348FC1A00E4D852 /* Extensions.swift */ = {isa = PBXFileReference; fileEncoding = 4; lastKnownFileType = sourcecode.swift; path = Extensions.swift; sourceTree = "<group>"; };
		8B30B87D2348FC1A00E4D852 /* Configuration.swift */ = {isa = PBXFileReference; fileEncoding = 4; lastKnownFileType = sourcecode.swift; path = Configuration.swift; sourceTree = "<group>"; };
		8B48DAC52344DCBB0053CCC9 /* APIHelperTests.swift */ = {isa = PBXFileReference; lastKnownFileType = sourcecode.swift; path = APIHelperTests.swift; sourceTree = "<group>"; };
		8B631A57234CDB570045BF05 /* Snapshotting+OpenAPI.swift */ = {isa = PBXFileReference; lastKnownFileType = sourcecode.swift; path = "Snapshotting+OpenAPI.swift"; sourceTree = "<group>"; };
		8B6B3637234CE1F800D3DE25 /* libOpenApiGenerator.a */ = {isa = PBXFileReference; explicitFileType = archive.ar; includeInIndex = 0; path = libOpenApiGenerator.a; sourceTree = BUILT_PRODUCTS_DIR; };
		8B8B19B523426AE4009D195A /* Tests.xctest */ = {isa = PBXFileReference; explicitFileType = wrapper.cfbundle; includeInIndex = 0; path = Tests.xctest; sourceTree = BUILT_PRODUCTS_DIR; };
		8B8B19B723426AE4009D195A /* APIConfigTests.swift */ = {isa = PBXFileReference; lastKnownFileType = sourcecode.swift; path = APIConfigTests.swift; sourceTree = "<group>"; };
		8B8B19B923426AE4009D195A /* Info.plist */ = {isa = PBXFileReference; lastKnownFileType = text.plist.xml; path = Info.plist; sourceTree = "<group>"; };
		8B8B19CC23426B83009D195A /* petstore.yaml */ = {isa = PBXFileReference; fileEncoding = 4; lastKnownFileType = text.yaml; path = petstore.yaml; sourceTree = "<group>"; };
		8B8B1C1623436195009D195A /* API+Generators.swift */ = {isa = PBXFileReference; lastKnownFileType = sourcecode.swift; path = "API+Generators.swift"; sourceTree = "<group>"; };
		8BD0851923453A1F006D33DE /* StubURL.swift */ = {isa = PBXFileReference; fileEncoding = 4; lastKnownFileType = sourcecode.swift; path = StubURL.swift; sourceTree = "<group>"; };
		8BD0851C23453DAE006D33DE /* Mock+Utility.swift */ = {isa = PBXFileReference; lastKnownFileType = sourcecode.swift; path = "Mock+Utility.swift"; sourceTree = "<group>"; };
		8BD085222345E9BD006D33DE /* APIClientSendTests.swift */ = {isa = PBXFileReference; lastKnownFileType = sourcecode.swift; path = APIClientSendTests.swift; sourceTree = "<group>"; };
		8BD0866E23476792006D33DE /* APIConfigTesting.swift */ = {isa = PBXFileReference; lastKnownFileType = sourcecode.swift; path = APIConfigTesting.swift; sourceTree = "<group>"; };
		8BD70860233D23280018E06B /* String+Format.swift */ = {isa = PBXFileReference; lastKnownFileType = sourcecode.swift; path = "String+Format.swift"; sourceTree = "<group>"; };
		8BD70915233E3D650018E06B /* FileSystem.swift */ = {isa = PBXFileReference; lastKnownFileType = sourcecode.swift; path = FileSystem.swift; sourceTree = "<group>"; };
		8BD70917233E3F0E0018E06B /* Environment.swift */ = {isa = PBXFileReference; lastKnownFileType = sourcecode.swift; path = Environment.swift; sourceTree = "<group>"; };
		8BD70919233E3F610018E06B /* ClientGenerator.swift */ = {isa = PBXFileReference; lastKnownFileType = sourcecode.swift; path = ClientGenerator.swift; sourceTree = "<group>"; };
		8BD90F4423328E2600281786 /* String+Path.swift */ = {isa = PBXFileReference; fileEncoding = 4; lastKnownFileType = sourcecode.swift; path = "String+Path.swift"; sourceTree = "<group>"; };
		8BDE68D6233233CE009342AD /* bow-openapi */ = {isa = PBXFileReference; explicitFileType = "compiled.mach-o.executable"; includeInIndex = 0; path = "bow-openapi"; sourceTree = BUILT_PRODUCTS_DIR; };
		8BDE68D9233233CE009342AD /* main.swift */ = {isa = PBXFileReference; lastKnownFileType = sourcecode.swift; path = main.swift; sourceTree = "<group>"; };
		8BDE68EC23326E42009342AD /* Console.swift */ = {isa = PBXFileReference; lastKnownFileType = sourcecode.swift; path = Console.swift; sourceTree = "<group>"; };
		8BDE6903233280FE009342AD /* modelEnum.mustache */ = {isa = PBXFileReference; fileEncoding = 4; lastKnownFileType = text; path = modelEnum.mustache; sourceTree = "<group>"; };
		8BDE6904233280FE009342AD /* Extensions.mustache */ = {isa = PBXFileReference; fileEncoding = 4; lastKnownFileType = text; path = Extensions.mustache; sourceTree = "<group>"; };
		8BDE6905233280FE009342AD /* modelObject.mustache */ = {isa = PBXFileReference; fileEncoding = 4; lastKnownFileType = text; path = modelObject.mustache; sourceTree = "<group>"; };
		8BDE6906233280FE009342AD /* CodableHelper.mustache */ = {isa = PBXFileReference; fileEncoding = 4; lastKnownFileType = text; path = CodableHelper.mustache; sourceTree = "<group>"; };
		8BDE6907233280FE009342AD /* gitignore.mustache */ = {isa = PBXFileReference; fileEncoding = 4; lastKnownFileType = text; path = gitignore.mustache; sourceTree = "<group>"; };
		8BDE6908233280FE009342AD /* model.mustache */ = {isa = PBXFileReference; fileEncoding = 4; lastKnownFileType = text; path = model.mustache; sourceTree = "<group>"; };
		8BDE6909233280FE009342AD /* _param.mustache */ = {isa = PBXFileReference; fileEncoding = 4; lastKnownFileType = text; path = _param.mustache; sourceTree = "<group>"; };
		8BDE690A233280FE009342AD /* modelInlineEnumDeclaration.mustache */ = {isa = PBXFileReference; fileEncoding = 4; lastKnownFileType = text; path = modelInlineEnumDeclaration.mustache; sourceTree = "<group>"; };
		8BDE690B233280FE009342AD /* JSONEncodableEncoding.mustache */ = {isa = PBXFileReference; fileEncoding = 4; lastKnownFileType = text; path = JSONEncodableEncoding.mustache; sourceTree = "<group>"; };
		8BDE690C233280FE009342AD /* Cartfile.mustache */ = {isa = PBXFileReference; fileEncoding = 4; lastKnownFileType = text; path = Cartfile.mustache; sourceTree = "<group>"; };
		8BDE690D233280FE009342AD /* APIHelper.mustache */ = {isa = PBXFileReference; fileEncoding = 4; lastKnownFileType = text; path = APIHelper.mustache; sourceTree = "<group>"; };
		8BDE690E233280FE009342AD /* AlamofireImplementations.mustache */ = {isa = PBXFileReference; fileEncoding = 4; lastKnownFileType = text; path = AlamofireImplementations.mustache; sourceTree = "<group>"; };
		8BDE690F233280FE009342AD /* Models.mustache */ = {isa = PBXFileReference; fileEncoding = 4; lastKnownFileType = text; path = Models.mustache; sourceTree = "<group>"; };
		8BDE6910233280FE009342AD /* git_push.sh.mustache */ = {isa = PBXFileReference; fileEncoding = 4; lastKnownFileType = text.script.sh; path = git_push.sh.mustache; sourceTree = "<group>"; };
		8BDE6911233280FE009342AD /* api.mustache */ = {isa = PBXFileReference; fileEncoding = 4; lastKnownFileType = text; path = api.mustache; sourceTree = "<group>"; };
		8BDE6912233280FE009342AD /* Podspec.mustache */ = {isa = PBXFileReference; fileEncoding = 4; lastKnownFileType = text; path = Podspec.mustache; sourceTree = "<group>"; };
		8BDE6913233280FF009342AD /* README.mustache */ = {isa = PBXFileReference; fileEncoding = 4; lastKnownFileType = text; path = README.mustache; sourceTree = "<group>"; };
		8BDE6914233280FF009342AD /* APIs.mustache */ = {isa = PBXFileReference; fileEncoding = 4; lastKnownFileType = text; path = APIs.mustache; sourceTree = "<group>"; };
		8BDE6915233280FF009342AD /* modelArray.mustache */ = {isa = PBXFileReference; fileEncoding = 4; lastKnownFileType = text; path = modelArray.mustache; sourceTree = "<group>"; };
		8BDE6916233280FF009342AD /* Configuration.mustache */ = {isa = PBXFileReference; fileEncoding = 4; lastKnownFileType = text; path = Configuration.mustache; sourceTree = "<group>"; };
		8BDE6917233280FF009342AD /* JSONEncodingHelper.mustache */ = {isa = PBXFileReference; fileEncoding = 4; lastKnownFileType = text; path = JSONEncodingHelper.mustache; sourceTree = "<group>"; };
		8BDE691A23328538009342AD /* CommandLine.swift */ = {isa = PBXFileReference; lastKnownFileType = sourcecode.swift; path = CommandLine.swift; sourceTree = "<group>"; };
		8BDE691D233286CC009342AD /* APIClient.swift */ = {isa = PBXFileReference; lastKnownFileType = sourcecode.swift; path = APIClient.swift; sourceTree = "<group>"; };
		8BDEB0B32340D5850095A6E0 /* FileSystemError.swift */ = {isa = PBXFileReference; lastKnownFileType = sourcecode.swift; path = FileSystemError.swift; sourceTree = "<group>"; };
		8BDEB0B52340DAAF0095A6E0 /* GeneratorError.swift */ = {isa = PBXFileReference; lastKnownFileType = sourcecode.swift; path = GeneratorError.swift; sourceTree = "<group>"; };
		8BDEB0B92340DBC10095A6E0 /* SwaggerClientGenerator.swift */ = {isa = PBXFileReference; lastKnownFileType = sourcecode.swift; path = SwaggerClientGenerator.swift; sourceTree = "<group>"; };
		8BDEB0BB2340DBE10095A6E0 /* MacFileSystem.swift */ = {isa = PBXFileReference; lastKnownFileType = sourcecode.swift; path = MacFileSystem.swift; sourceTree = "<group>"; };
		8BFE7E40234E10D4003E97BF /* APIClientModelsTests.swift */ = {isa = PBXFileReference; lastKnownFileType = sourcecode.swift; path = APIClientModelsTests.swift; sourceTree = "<group>"; };
		8BFE7E42234E11FA003E97BF /* URL+Paths.swift */ = {isa = PBXFileReference; fileEncoding = 4; lastKnownFileType = sourcecode.swift; path = "URL+Paths.swift"; sourceTree = "<group>"; };
		8BFE7E55234E1D21003E97BF /* URL+FileSystem.swift */ = {isa = PBXFileReference; lastKnownFileType = sourcecode.swift; path = "URL+FileSystem.swift"; sourceTree = "<group>"; };
		8BFE7E60234E2CFD003E97BF /* __Snapshots__ */ = {isa = PBXFileReference; lastKnownFileType = text; name = __Snapshots__; path = Tests/__Snapshots__; sourceTree = SOURCE_ROOT; };
		8BFE7E61234F7107003E97BF /* APIClientGeneratorTests.swift */ = {isa = PBXFileReference; lastKnownFileType = sourcecode.swift; path = APIClientGeneratorTests.swift; sourceTree = "<group>"; };
		8BFE7E63234F7130003E97BF /* APIClientHttpOperationTests.swift */ = {isa = PBXFileReference; lastKnownFileType = sourcecode.swift; path = APIClientHttpOperationTests.swift; sourceTree = "<group>"; };
		8BFE7E65234F7192003E97BF /* APIClientParametersTests.swift */ = {isa = PBXFileReference; lastKnownFileType = sourcecode.swift; path = APIClientParametersTests.swift; sourceTree = "<group>"; };
		8BFE7E67234F7EF0003E97BF /* APIClientDocumentationTests.swift */ = {isa = PBXFileReference; lastKnownFileType = sourcecode.swift; path = APIClientDocumentationTests.swift; sourceTree = "<group>"; };
/* End PBXFileReference section */

/* Begin PBXFrameworksBuildPhase section */
		8B6B3635234CE1F800D3DE25 /* Frameworks */ = {
			isa = PBXFrameworksBuildPhase;
			buildActionMask = 2147483647;
			files = (
				8B6B364E234CE66A00D3DE25 /* Swiftline in Frameworks */,
				8BFE7E4E234E1732003E97BF /* Bow in Frameworks */,
				8BFE7E50234E1732003E97BF /* BowEffects in Frameworks */,
				8BFE7E52234E1732003E97BF /* BowOptics in Frameworks */,
			);
			runOnlyForDeploymentPostprocessing = 0;
		};
		8B8B19B223426AE4009D195A /* Frameworks */ = {
			isa = PBXFrameworksBuildPhase;
			buildActionMask = 2147483647;
			files = (
				8B6B364A234CE2A400D3DE25 /* libOpenApiGenerator.a in Frameworks */,
				8B8B1C1423435AC0009D195A /* SwiftCheck in Frameworks */,
				8B631A56234CD05F0045BF05 /* SnapshotTesting in Frameworks */,
			);
			runOnlyForDeploymentPostprocessing = 0;
		};
		8BDE68D3233233CE009342AD /* Frameworks */ = {
			isa = PBXFrameworksBuildPhase;
			buildActionMask = 2147483647;
			files = (
				8B6B3640234CE22500D3DE25 /* libOpenApiGenerator.a in Frameworks */,
			);
			runOnlyForDeploymentPostprocessing = 0;
		};
/* End PBXFrameworksBuildPhase section */

/* Begin PBXGroup section */
		8B30B8672348FC1A00E4D852 /* api */ = {
			isa = PBXGroup;
			children = (
				8B30B86D2348FC1A00E4D852 /* Sources */,
				8B30B8682348FC1A00E4D852 /* XCTest */,
			);
			name = api;
			path = Tests/Fixtures/api;
			sourceTree = SOURCE_ROOT;
		};
		8B30B8682348FC1A00E4D852 /* XCTest */ = {
			isa = PBXGroup;
			children = (
				8B30B86C2348FC1A00E4D852 /* API+Error.swift */,
				8B30B86B2348FC1A00E4D852 /* API+XCTest.swift */,
				8B30B8692348FC1A00E4D852 /* APIConfigTesting.swift */,
				8B30B86A2348FC1A00E4D852 /* StubURL.swift */,
			);
			path = XCTest;
			sourceTree = "<group>";
		};
		8B30B86D2348FC1A00E4D852 /* Sources */ = {
			isa = PBXGroup;
			children = (
				8B30B86E2348FC1A00E4D852 /* APIConfiguration.swift */,
				8B30B8722348FC1A00E4D852 /* APIs.swift */,
				8B30B8712348FC1A00E4D852 /* CodableHelper.swift */,
				8B30B87D2348FC1A00E4D852 /* Configuration.swift */,
				8B30B87B2348FC1A00E4D852 /* Extensions.swift */,
				8B30B86F2348FC1A00E4D852 /* APIs */,
				8B30B8732348FC1A00E4D852 /* Models */,
			);
			path = Sources;
			sourceTree = "<group>";
		};
		8B30B86F2348FC1A00E4D852 /* APIs */ = {
			isa = PBXGroup;
			children = (
				8B30B8702348FC1A00E4D852 /* DefaultAPI.swift */,
			);
			path = APIs;
			sourceTree = "<group>";
		};
		8B30B8732348FC1A00E4D852 /* Models */ = {
			isa = PBXGroup;
			children = (
				8B30B8792348FC1A00E4D852 /* NewPet.swift */,
				8B30B87A2348FC1A00E4D852 /* Owner.swift */,
				8B30B8762348FC1A00E4D852 /* OwnerPerson.swift */,
				8B30B8772348FC1A00E4D852 /* Pet.swift */,
				8B30B8742348FC1A00E4D852 /* PetError.swift */,
				8B30B8752348FC1A00E4D852 /* Pets.swift */,
				8B30B8782348FC1A00E4D852 /* UpdatePet.swift */,
			);
			path = Models;
			sourceTree = "<group>";
		};
		8B8B199523426961009D195A /* Frameworks */ = {
			isa = PBXGroup;
			children = (
			);
			name = Frameworks;
			sourceTree = "<group>";
		};
		8B8B19B623426AE4009D195A /* Tests */ = {
			isa = PBXGroup;
			children = (
				8BFE7E67234F7EF0003E97BF /* APIClientDocumentationTests.swift */,
				8BFE7E61234F7107003E97BF /* APIClientGeneratorTests.swift */,
				8BFE7E63234F7130003E97BF /* APIClientHttpOperationTests.swift */,
				8BFE7E40234E10D4003E97BF /* APIClientModelsTests.swift */,
				8BFE7E65234F7192003E97BF /* APIClientParametersTests.swift */,
				8BD085222345E9BD006D33DE /* APIClientSendTests.swift */,
				8B8B19B723426AE4009D195A /* APIConfigTests.swift */,
				8B48DAC52344DCBB0053CCC9 /* APIHelperTests.swift */,
				8B8B19BD23426AEF009D195A /* Fixtures */,
				8B8B19BE23426B15009D195A /* Support Files */,
				8B8B1C152343617A009D195A /* Utils */,
				8BFE7E60234E2CFD003E97BF /* __Snapshots__ */,
			);
			path = Tests;
			sourceTree = "<group>";
		};
		8B8B19BD23426AEF009D195A /* Fixtures */ = {
			isa = PBXGroup;
			children = (
				8B8B19CC23426B83009D195A /* petstore.yaml */,
				8B30B8672348FC1A00E4D852 /* api */,
			);
			path = Fixtures;
			sourceTree = "<group>";
		};
		8B8B19BE23426B15009D195A /* Support Files */ = {
			isa = PBXGroup;
			children = (
				8B8B19B923426AE4009D195A /* Info.plist */,
			);
			path = "Support Files";
			sourceTree = "<group>";
		};
		8B8B1C152343617A009D195A /* Utils */ = {
			isa = PBXGroup;
			children = (
				8B8B1C1623436195009D195A /* API+Generators.swift */,
				8BD0851C23453DAE006D33DE /* Mock+Utility.swift */,
				8B631A57234CDB570045BF05 /* Snapshotting+OpenAPI.swift */,
				8BFE7E42234E11FA003E97BF /* URL+Paths.swift */,
				8BFE7E55234E1D21003E97BF /* URL+FileSystem.swift */,
			);
			path = Utils;
			sourceTree = "<group>";
		};
		8BD90F4323328E1D00281786 /* Utils */ = {
			isa = PBXGroup;
			children = (
				8BD90F4423328E2600281786 /* String+Path.swift */,
				8BD70860233D23280018E06B /* String+Format.swift */,
			);
			path = Utils;
			sourceTree = "<group>";
		};
		8BDE68CD233233CE009342AD = {
			isa = PBXGroup;
			children = (
				8BDE68D8233233CE009342AD /* Bow OpenAPI */,
				8BDE68EA23323602009342AD /* Templates */,
				8B8B19B623426AE4009D195A /* Tests */,
				8BDE68D7233233CE009342AD /* Products */,
				8B8B199523426961009D195A /* Frameworks */,
			);
			sourceTree = "<group>";
		};
		8BDE68D7233233CE009342AD /* Products */ = {
			isa = PBXGroup;
			children = (
				8BDE68D6233233CE009342AD /* bow-openapi */,
				8B8B19B523426AE4009D195A /* Tests.xctest */,
				8B6B3637234CE1F800D3DE25 /* libOpenApiGenerator.a */,
			);
			name = Products;
			sourceTree = "<group>";
		};
		8BDE68D8233233CE009342AD /* Bow OpenAPI */ = {
			isa = PBXGroup;
			children = (
				8BDE68D9233233CE009342AD /* main.swift */,
				8BDE691C2332854C009342AD /* UI */,
				8BDE691F233286F7009342AD /* Generator */,
				8BD90F4323328E1D00281786 /* Utils */,
			);
			path = "Bow OpenAPI";
			sourceTree = "<group>";
		};
		8BDE68EA23323602009342AD /* Templates */ = {
			isa = PBXGroup;
			children = (
				8BDE6909233280FE009342AD /* _param.mustache */,
				8BDE690E233280FE009342AD /* AlamofireImplementations.mustache */,
				8BDE6911233280FE009342AD /* api.mustache */,
				8BDE690D233280FE009342AD /* APIHelper.mustache */,
				8BDE6914233280FF009342AD /* APIs.mustache */,
				8BDE690C233280FE009342AD /* Cartfile.mustache */,
				8BDE6906233280FE009342AD /* CodableHelper.mustache */,
				8BDE6916233280FF009342AD /* Configuration.mustache */,
				8BDE6904233280FE009342AD /* Extensions.mustache */,
				8BDE6910233280FE009342AD /* git_push.sh.mustache */,
				8BDE6907233280FE009342AD /* gitignore.mustache */,
				8BDE690B233280FE009342AD /* JSONEncodableEncoding.mustache */,
				8BDE6917233280FF009342AD /* JSONEncodingHelper.mustache */,
				8BDE6908233280FE009342AD /* model.mustache */,
				8BDE6915233280FF009342AD /* modelArray.mustache */,
				8BDE6903233280FE009342AD /* modelEnum.mustache */,
				8BDE690A233280FE009342AD /* modelInlineEnumDeclaration.mustache */,
				8BDE6905233280FE009342AD /* modelObject.mustache */,
				8BDE690F233280FE009342AD /* Models.mustache */,
				8BDE6912233280FE009342AD /* Podspec.mustache */,
				8BDE6913233280FF009342AD /* README.mustache */,
				8BFE7E53234E1B74003E97BF /* XCTest */,
			);
			path = Templates;
			sourceTree = "<group>";
		};
		8BDE691C2332854C009342AD /* UI */ = {
			isa = PBXGroup;
			children = (
				8BDE68EC23326E42009342AD /* Console.swift */,
				8BDE691A23328538009342AD /* CommandLine.swift */,
			);
			path = UI;
			sourceTree = "<group>";
		};
		8BDE691F233286F7009342AD /* Generator */ = {
			isa = PBXGroup;
			children = (
				8BD70917233E3F0E0018E06B /* Environment.swift */,
				8BDE691D233286CC009342AD /* APIClient.swift */,
				8BDEB0B92340DBC10095A6E0 /* SwaggerClientGenerator.swift */,
				8BDEB0BB2340DBE10095A6E0 /* MacFileSystem.swift */,
				8BDEB0B72340DB340095A6E0 /* Algebra */,
				8BDEB0B82340DB4B0095A6E0 /* Error */,
			);
			path = Generator;
			sourceTree = "<group>";
		};
		8BDEB0B72340DB340095A6E0 /* Algebra */ = {
			isa = PBXGroup;
			children = (
				8BD70915233E3D650018E06B /* FileSystem.swift */,
				8BD70919233E3F610018E06B /* ClientGenerator.swift */,
			);
			path = Algebra;
			sourceTree = "<group>";
		};
		8BDEB0B82340DB4B0095A6E0 /* Error */ = {
			isa = PBXGroup;
			children = (
				8B22DD6B2338D2000000CED9 /* APIClientError.swift */,
				8BDEB0B32340D5850095A6E0 /* FileSystemError.swift */,
				8BDEB0B52340DAAF0095A6E0 /* GeneratorError.swift */,
			);
			path = Error;
			sourceTree = "<group>";
		};
		8BFE7E53234E1B74003E97BF /* XCTest */ = {
			isa = PBXGroup;
			children = (
				8B017D7D2347A373003975CF /* API+XCTest.swift */,
				8B30B8612348FB7600E4D852 /* API+Error.swift */,
				8BD0866E23476792006D33DE /* APIConfigTesting.swift */,
				8BD0851923453A1F006D33DE /* StubURL.swift */,
			);
			name = XCTest;
			sourceTree = "<group>";
		};
/* End PBXGroup section */

/* Begin PBXHeadersBuildPhase section */
		8B6B3633234CE1F800D3DE25 /* Headers */ = {
			isa = PBXHeadersBuildPhase;
			buildActionMask = 2147483647;
			files = (
			);
			runOnlyForDeploymentPostprocessing = 0;
		};
/* End PBXHeadersBuildPhase section */

/* Begin PBXNativeTarget section */
		8B6B3636234CE1F800D3DE25 /* OpenApiGenerator */ = {
			isa = PBXNativeTarget;
			buildConfigurationList = 8B6B363D234CE1F800D3DE25 /* Build configuration list for PBXNativeTarget "OpenApiGenerator" */;
			buildPhases = (
				8B6B3633234CE1F800D3DE25 /* Headers */,
				8B6B3634234CE1F800D3DE25 /* Sources */,
				8B6B3635234CE1F800D3DE25 /* Frameworks */,
			);
			buildRules = (
			);
			dependencies = (
			);
			name = OpenApiGenerator;
			packageProductDependencies = (
				8B6B364D234CE66A00D3DE25 /* Swiftline */,
				8BFE7E4D234E1732003E97BF /* Bow */,
				8BFE7E4F234E1732003E97BF /* BowEffects */,
				8BFE7E51234E1732003E97BF /* BowOptics */,
			);
			productName = Generator;
			productReference = 8B6B3637234CE1F800D3DE25 /* libOpenApiGenerator.a */;
			productType = "com.apple.product-type.library.static";
		};
		8B8B19B423426AE4009D195A /* Tests */ = {
			isa = PBXNativeTarget;
			buildConfigurationList = 8B8B19BA23426AE4009D195A /* Build configuration list for PBXNativeTarget "Tests" */;
			buildPhases = (
				8B8B19B123426AE4009D195A /* Sources */,
				8B8B19B223426AE4009D195A /* Frameworks */,
			);
			buildRules = (
			);
			dependencies = (
			);
			name = Tests;
			packageProductDependencies = (
				8B8B1C1323435AC0009D195A /* SwiftCheck */,
				8B631A55234CD05F0045BF05 /* SnapshotTesting */,
			);
			productName = Tests;
			productReference = 8B8B19B523426AE4009D195A /* Tests.xctest */;
			productType = "com.apple.product-type.bundle.unit-test";
		};
		8BDE68D5233233CE009342AD /* Bow OpenAPI */ = {
			isa = PBXNativeTarget;
			buildConfigurationList = 8BDE68DD233233CE009342AD /* Build configuration list for PBXNativeTarget "Bow OpenAPI" */;
			buildPhases = (
				8BDE68D2233233CE009342AD /* Sources */,
				8BDE68D3233233CE009342AD /* Frameworks */,
				8BDE68D4233233CE009342AD /* CopyFiles */,
			);
			buildRules = (
			);
			dependencies = (
				8B5F75732350A96200CE3E57 /* PBXTargetDependency */,
			);
			name = "Bow OpenAPI";
			packageProductDependencies = (
			);
			productName = "Bow OpenAPI";
			productReference = 8BDE68D6233233CE009342AD /* bow-openapi */;
			productType = "com.apple.product-type.tool";
		};
/* End PBXNativeTarget section */

/* Begin PBXProject section */
		8BDE68CE233233CE009342AD /* Project object */ = {
			isa = PBXProject;
			attributes = {
				LastSwiftUpdateCheck = 1110;
				LastUpgradeCheck = 1110;
				ORGANIZATIONNAME = "47 Degrees";
				TargetAttributes = {
					8B6B3636234CE1F800D3DE25 = {
						CreatedOnToolsVersion = 11.1;
					};
					8B8B19B423426AE4009D195A = {
						CreatedOnToolsVersion = 11.0;
					};
					8B8B19BF23426B47009D195A = {
						CreatedOnToolsVersion = 11.0;
					};
					8BDE68D5233233CE009342AD = {
						CreatedOnToolsVersion = 11.0;
					};
				};
			};
			buildConfigurationList = 8BDE68D1233233CE009342AD /* Build configuration list for PBXProject "Bow OpenAPI" */;
			compatibilityVersion = "Xcode 9.3";
			developmentRegion = en;
			hasScannedForEncodings = 0;
			knownRegions = (
				en,
				Base,
			);
			mainGroup = 8BDE68CD233233CE009342AD;
			packageReferences = (
				8BDE68E02332347D009342AD /* XCRemoteSwiftPackageReference "Swiftline" */,
				8B8B1C1223435AC0009D195A /* XCRemoteSwiftPackageReference "SwiftCheck" */,
				8B631A54234CD05F0045BF05 /* XCRemoteSwiftPackageReference "swift-snapshot-testing" */,
				8BFE7E46234E1720003E97BF /* XCRemoteSwiftPackageReference "bow" */,
			);
			productRefGroup = 8BDE68D7233233CE009342AD /* Products */;
			projectDirPath = "";
			projectRoot = "";
			targets = (
				8BDE68D5233233CE009342AD /* Bow OpenAPI */,
				8B6B3636234CE1F800D3DE25 /* OpenApiGenerator */,
				8B8B19B423426AE4009D195A /* Tests */,
				8B8B19BF23426B47009D195A /* Fixtures */,
			);
		};
/* End PBXProject section */

/* Begin PBXShellScriptBuildPhase section */
		8B8B19C523426B52009D195A /* ShellScript */ = {
			isa = PBXShellScriptBuildPhase;
			buildActionMask = 2147483647;
			files = (
			);
			inputFileListPaths = (
			);
			inputPaths = (
			);
			outputFileListPaths = (
			);
			outputPaths = (
			);
			runOnlyForDeploymentPostprocessing = 0;
			shellPath = /bin/sh;
			shellScript = "cd ${BUILT_PRODUCTS_DIR}\ntests=${SRCROOT}/Tests/Fixtures\n\n./bow-openapi --scheme \"$tests/petstore.yaml\" --output \"$tests/api\"\n";
		};
/* End PBXShellScriptBuildPhase section */

/* Begin PBXSourcesBuildPhase section */
		8B6B3634234CE1F800D3DE25 /* Sources */ = {
			isa = PBXSourcesBuildPhase;
			buildActionMask = 2147483647;
			files = (
				8B6B3655234CE74200D3DE25 /* String+Path.swift in Sources */,
				8B6B3648234CE23000D3DE25 /* FileSystemError.swift in Sources */,
				8B6B3643234CE23000D3DE25 /* SwaggerClientGenerator.swift in Sources */,
				8B6B3647234CE23000D3DE25 /* APIClientError.swift in Sources */,
				8B6B3641234CE23000D3DE25 /* Environment.swift in Sources */,
				8B6B3642234CE23000D3DE25 /* APIClient.swift in Sources */,
				8B6B3649234CE23000D3DE25 /* GeneratorError.swift in Sources */,
				8B6B3645234CE23000D3DE25 /* FileSystem.swift in Sources */,
				8B6B3656234CE74200D3DE25 /* String+Format.swift in Sources */,
				8B6B3644234CE23000D3DE25 /* MacFileSystem.swift in Sources */,
				8B6B3646234CE23000D3DE25 /* ClientGenerator.swift in Sources */,
			);
			runOnlyForDeploymentPostprocessing = 0;
		};
		8B8B19B123426AE4009D195A /* Sources */ = {
			isa = PBXSourcesBuildPhase;
			buildActionMask = 2147483647;
			files = (
				8B8B1C1723436195009D195A /* API+Generators.swift in Sources */,
				8BFE7E41234E10D4003E97BF /* APIClientModelsTests.swift in Sources */,
				8BD0851D23453DAE006D33DE /* Mock+Utility.swift in Sources */,
				8B30B8832348FC1A00E4D852 /* DefaultAPI.swift in Sources */,
				8B30B87F2348FC1A00E4D852 /* StubURL.swift in Sources */,
				8B30B8842348FC1A00E4D852 /* CodableHelper.swift in Sources */,
				8B30B8802348FC1A00E4D852 /* API+XCTest.swift in Sources */,
				8B30B88A2348FC1A00E4D852 /* UpdatePet.swift in Sources */,
				8B631A58234CDB570045BF05 /* Snapshotting+OpenAPI.swift in Sources */,
				8B017DA52347AC86003975CF /* APIClientSendTests.swift in Sources */,
				8B30B8812348FC1A00E4D852 /* API+Error.swift in Sources */,
				8B30B8872348FC1A00E4D852 /* Pets.swift in Sources */,
				8B30B88E2348FC1A00E4D852 /* Configuration.swift in Sources */,
				8B48DAC62344DCBB0053CCC9 /* APIHelperTests.swift in Sources */,
				8B30B8822348FC1A00E4D852 /* APIConfiguration.swift in Sources */,
				8BFE7E64234F7130003E97BF /* APIClientHttpOperationTests.swift in Sources */,
				8B30B8862348FC1A00E4D852 /* PetError.swift in Sources */,
				8B30B88D2348FC1A00E4D852 /* Extensions.swift in Sources */,
				8B30B88C2348FC1A00E4D852 /* Owner.swift in Sources */,
				8BFE7E68234F7EF0003E97BF /* APIClientDocumentationTests.swift in Sources */,
				8BFE7E66234F7192003E97BF /* APIClientParametersTests.swift in Sources */,
				8B8B19B823426AE4009D195A /* APIConfigTests.swift in Sources */,
				8B30B87E2348FC1A00E4D852 /* APIConfigTesting.swift in Sources */,
				8BFE7E56234E1D21003E97BF /* URL+FileSystem.swift in Sources */,
				8BFE7E43234E11FA003E97BF /* URL+Paths.swift in Sources */,
				8B30B88B2348FC1A00E4D852 /* NewPet.swift in Sources */,
				8B30B8882348FC1A00E4D852 /* OwnerPerson.swift in Sources */,
				8B30B8892348FC1A00E4D852 /* Pet.swift in Sources */,
				8BFE7E62234F7107003E97BF /* APIClientGeneratorTests.swift in Sources */,
				8B30B8852348FC1A00E4D852 /* APIs.swift in Sources */,
			);
			runOnlyForDeploymentPostprocessing = 0;
		};
		8BDE68D2233233CE009342AD /* Sources */ = {
			isa = PBXSourcesBuildPhase;
			buildActionMask = 2147483647;
			files = (
				8BDE691B23328538009342AD /* CommandLine.swift in Sources */,
				8BDE68ED23326E42009342AD /* Console.swift in Sources */,
				8BDE68DA233233CE009342AD /* main.swift in Sources */,
			);
			runOnlyForDeploymentPostprocessing = 0;
		};
/* End PBXSourcesBuildPhase section */

/* Begin PBXTargetDependency section */
		8B5F75732350A96200CE3E57 /* PBXTargetDependency */ = {
			isa = PBXTargetDependency;
			target = 8B6B3636234CE1F800D3DE25 /* OpenApiGenerator */;
			targetProxy = 8B5F75722350A96200CE3E57 /* PBXContainerItemProxy */;
		};
		8B8B19C423426B4E009D195A /* PBXTargetDependency */ = {
			isa = PBXTargetDependency;
			target = 8BDE68D5233233CE009342AD /* Bow OpenAPI */;
			targetProxy = 8B8B19C323426B4E009D195A /* PBXContainerItemProxy */;
		};
/* End PBXTargetDependency section */

/* Begin XCBuildConfiguration section */
		8B6B363E234CE1F800D3DE25 /* Debug */ = {
			isa = XCBuildConfiguration;
			buildSettings = {
				CODE_SIGN_STYLE = Automatic;
				EXECUTABLE_PREFIX = lib;
				PRODUCT_NAME = "$(TARGET_NAME)";
				SKIP_INSTALL = YES;
			};
			name = Debug;
		};
		8B6B363F234CE1F800D3DE25 /* Release */ = {
			isa = XCBuildConfiguration;
			buildSettings = {
				CODE_SIGN_STYLE = Automatic;
				EXECUTABLE_PREFIX = lib;
				PRODUCT_NAME = "$(TARGET_NAME)";
				SKIP_INSTALL = YES;
			};
			name = Release;
		};
		8B8B19BB23426AE4009D195A /* Debug */ = {
			isa = XCBuildConfiguration;
			buildSettings = {
				CODE_SIGN_STYLE = Manual;
				COMBINE_HIDPI_IMAGES = YES;
				DEVELOPMENT_TEAM = "";
				INFOPLIST_FILE = "Tests/Support Files/Info.plist";
				LD_RUNPATH_SEARCH_PATHS = (
					"$(inherited)",
					"@executable_path/../Frameworks",
					"@loader_path/../Frameworks",
				);
				MACOSX_DEPLOYMENT_TARGET = 10.15;
				PRODUCT_BUNDLE_IDENTIFIER = com.fortysevendegress.Tests;
				PRODUCT_NAME = "$(TARGET_NAME)";
				PROVISIONING_PROFILE_SPECIFIER = "";
				SWIFT_VERSION = 5.0;
			};
			name = Debug;
		};
		8B8B19BC23426AE4009D195A /* Release */ = {
			isa = XCBuildConfiguration;
			buildSettings = {
				CODE_SIGN_STYLE = Manual;
				COMBINE_HIDPI_IMAGES = YES;
				DEVELOPMENT_TEAM = "";
				INFOPLIST_FILE = "Tests/Support Files/Info.plist";
				LD_RUNPATH_SEARCH_PATHS = (
					"$(inherited)",
					"@executable_path/../Frameworks",
					"@loader_path/../Frameworks",
				);
				MACOSX_DEPLOYMENT_TARGET = 10.15;
				PRODUCT_BUNDLE_IDENTIFIER = com.fortysevendegress.Tests;
				PRODUCT_NAME = "$(TARGET_NAME)";
				PROVISIONING_PROFILE_SPECIFIER = "";
				SWIFT_VERSION = 5.0;
			};
			name = Release;
		};
		8B8B19C123426B47009D195A /* Debug */ = {
			isa = XCBuildConfiguration;
			buildSettings = {
				CODE_SIGN_STYLE = Automatic;
				PRODUCT_NAME = "$(TARGET_NAME)";
			};
			name = Debug;
		};
		8B8B19C223426B47009D195A /* Release */ = {
			isa = XCBuildConfiguration;
			buildSettings = {
				CODE_SIGN_STYLE = Automatic;
				PRODUCT_NAME = "$(TARGET_NAME)";
			};
			name = Release;
		};
		8BDE68DB233233CE009342AD /* Debug */ = {
			isa = XCBuildConfiguration;
			buildSettings = {
				ALWAYS_SEARCH_USER_PATHS = NO;
				CLANG_ANALYZER_NONNULL = YES;
				CLANG_ANALYZER_NUMBER_OBJECT_CONVERSION = YES_AGGRESSIVE;
				CLANG_CXX_LANGUAGE_STANDARD = "gnu++14";
				CLANG_CXX_LIBRARY = "libc++";
				CLANG_ENABLE_MODULES = YES;
				CLANG_ENABLE_OBJC_ARC = YES;
				CLANG_ENABLE_OBJC_WEAK = YES;
				CLANG_WARN_BLOCK_CAPTURE_AUTORELEASING = YES;
				CLANG_WARN_BOOL_CONVERSION = YES;
				CLANG_WARN_COMMA = YES;
				CLANG_WARN_CONSTANT_CONVERSION = YES;
				CLANG_WARN_DEPRECATED_OBJC_IMPLEMENTATIONS = YES;
				CLANG_WARN_DIRECT_OBJC_ISA_USAGE = YES_ERROR;
				CLANG_WARN_DOCUMENTATION_COMMENTS = YES;
				CLANG_WARN_EMPTY_BODY = YES;
				CLANG_WARN_ENUM_CONVERSION = YES;
				CLANG_WARN_INFINITE_RECURSION = YES;
				CLANG_WARN_INT_CONVERSION = YES;
				CLANG_WARN_NON_LITERAL_NULL_CONVERSION = YES;
				CLANG_WARN_OBJC_IMPLICIT_RETAIN_SELF = YES;
				CLANG_WARN_OBJC_LITERAL_CONVERSION = YES;
				CLANG_WARN_OBJC_ROOT_CLASS = YES_ERROR;
				CLANG_WARN_RANGE_LOOP_ANALYSIS = YES;
				CLANG_WARN_STRICT_PROTOTYPES = YES;
				CLANG_WARN_SUSPICIOUS_MOVE = YES;
				CLANG_WARN_UNGUARDED_AVAILABILITY = YES_AGGRESSIVE;
				CLANG_WARN_UNREACHABLE_CODE = YES;
				CLANG_WARN__DUPLICATE_METHOD_MATCH = YES;
				COPY_PHASE_STRIP = NO;
				DEBUG_INFORMATION_FORMAT = dwarf;
				ENABLE_STRICT_OBJC_MSGSEND = YES;
				ENABLE_TESTABILITY = YES;
				GCC_C_LANGUAGE_STANDARD = gnu11;
				GCC_DYNAMIC_NO_PIC = NO;
				GCC_NO_COMMON_BLOCKS = YES;
				GCC_OPTIMIZATION_LEVEL = 0;
				GCC_PREPROCESSOR_DEFINITIONS = (
					"DEBUG=1",
					"$(inherited)",
				);
				GCC_WARN_64_TO_32_BIT_CONVERSION = YES;
				GCC_WARN_ABOUT_RETURN_TYPE = YES_ERROR;
				GCC_WARN_UNDECLARED_SELECTOR = YES;
				GCC_WARN_UNINITIALIZED_AUTOS = YES_AGGRESSIVE;
				GCC_WARN_UNUSED_FUNCTION = YES;
				GCC_WARN_UNUSED_VARIABLE = YES;
				MACOSX_DEPLOYMENT_TARGET = 10.14;
				MTL_ENABLE_DEBUG_INFO = INCLUDE_SOURCE;
				MTL_FAST_MATH = YES;
				ONLY_ACTIVE_ARCH = YES;
				SDKROOT = macosx;
				SWIFT_ACTIVE_COMPILATION_CONDITIONS = DEBUG;
				SWIFT_OPTIMIZATION_LEVEL = "-Onone";
				SWIFT_VERSION = 5.0;
			};
			name = Debug;
		};
		8BDE68DC233233CE009342AD /* Release */ = {
			isa = XCBuildConfiguration;
			buildSettings = {
				ALWAYS_SEARCH_USER_PATHS = NO;
				CLANG_ANALYZER_NONNULL = YES;
				CLANG_ANALYZER_NUMBER_OBJECT_CONVERSION = YES_AGGRESSIVE;
				CLANG_CXX_LANGUAGE_STANDARD = "gnu++14";
				CLANG_CXX_LIBRARY = "libc++";
				CLANG_ENABLE_MODULES = YES;
				CLANG_ENABLE_OBJC_ARC = YES;
				CLANG_ENABLE_OBJC_WEAK = YES;
				CLANG_WARN_BLOCK_CAPTURE_AUTORELEASING = YES;
				CLANG_WARN_BOOL_CONVERSION = YES;
				CLANG_WARN_COMMA = YES;
				CLANG_WARN_CONSTANT_CONVERSION = YES;
				CLANG_WARN_DEPRECATED_OBJC_IMPLEMENTATIONS = YES;
				CLANG_WARN_DIRECT_OBJC_ISA_USAGE = YES_ERROR;
				CLANG_WARN_DOCUMENTATION_COMMENTS = YES;
				CLANG_WARN_EMPTY_BODY = YES;
				CLANG_WARN_ENUM_CONVERSION = YES;
				CLANG_WARN_INFINITE_RECURSION = YES;
				CLANG_WARN_INT_CONVERSION = YES;
				CLANG_WARN_NON_LITERAL_NULL_CONVERSION = YES;
				CLANG_WARN_OBJC_IMPLICIT_RETAIN_SELF = YES;
				CLANG_WARN_OBJC_LITERAL_CONVERSION = YES;
				CLANG_WARN_OBJC_ROOT_CLASS = YES_ERROR;
				CLANG_WARN_RANGE_LOOP_ANALYSIS = YES;
				CLANG_WARN_STRICT_PROTOTYPES = YES;
				CLANG_WARN_SUSPICIOUS_MOVE = YES;
				CLANG_WARN_UNGUARDED_AVAILABILITY = YES_AGGRESSIVE;
				CLANG_WARN_UNREACHABLE_CODE = YES;
				CLANG_WARN__DUPLICATE_METHOD_MATCH = YES;
				COPY_PHASE_STRIP = NO;
				DEBUG_INFORMATION_FORMAT = "dwarf-with-dsym";
				ENABLE_NS_ASSERTIONS = NO;
				ENABLE_STRICT_OBJC_MSGSEND = YES;
				GCC_C_LANGUAGE_STANDARD = gnu11;
				GCC_NO_COMMON_BLOCKS = YES;
				GCC_WARN_64_TO_32_BIT_CONVERSION = YES;
				GCC_WARN_ABOUT_RETURN_TYPE = YES_ERROR;
				GCC_WARN_UNDECLARED_SELECTOR = YES;
				GCC_WARN_UNINITIALIZED_AUTOS = YES_AGGRESSIVE;
				GCC_WARN_UNUSED_FUNCTION = YES;
				GCC_WARN_UNUSED_VARIABLE = YES;
				MACOSX_DEPLOYMENT_TARGET = 10.14;
				MTL_ENABLE_DEBUG_INFO = NO;
				MTL_FAST_MATH = YES;
				SDKROOT = macosx;
				SWIFT_COMPILATION_MODE = wholemodule;
				SWIFT_OPTIMIZATION_LEVEL = "-O";
				SWIFT_VERSION = 5.0;
			};
			name = Release;
		};
		8BDE68DE233233CE009342AD /* Debug */ = {
			isa = XCBuildConfiguration;
			buildSettings = {
				CODE_SIGN_IDENTITY = "-";
				CODE_SIGN_STYLE = Manual;
				DEFINES_MODULE = NO;
				DEVELOPMENT_TEAM = "";
				INCLUDED_RECURSIVE_SEARCH_PATH_SUBDIRECTORIES = "/usr/local/lib/bow/openapi/templates bow/openapi/templates";
				PRODUCT_BUNDLE_IDENTIFIER = com.fortysevendeg;
				PRODUCT_MODULE_NAME = BowOpenAPI;
				PRODUCT_NAME = "bow-openapi";
				PROVISIONING_PROFILE_SPECIFIER = "";
			};
			name = Debug;
		};
		8BDE68DF233233CE009342AD /* Release */ = {
			isa = XCBuildConfiguration;
			buildSettings = {
				CODE_SIGN_IDENTITY = "-";
				CODE_SIGN_STYLE = Manual;
				DEFINES_MODULE = NO;
				DEVELOPMENT_TEAM = "";
				INCLUDED_RECURSIVE_SEARCH_PATH_SUBDIRECTORIES = "/usr/local/lib/bow/openapi/templates bow/openapi/templates";
				PRODUCT_BUNDLE_IDENTIFIER = com.fortysevendeg;
				PRODUCT_MODULE_NAME = BowOpenAPI;
				PRODUCT_NAME = "bow-openapi";
				PROVISIONING_PROFILE_SPECIFIER = "";
			};
			name = Release;
		};
/* End XCBuildConfiguration section */

/* Begin XCConfigurationList section */
		8B6B363D234CE1F800D3DE25 /* Build configuration list for PBXNativeTarget "OpenApiGenerator" */ = {
			isa = XCConfigurationList;
			buildConfigurations = (
				8B6B363E234CE1F800D3DE25 /* Debug */,
				8B6B363F234CE1F800D3DE25 /* Release */,
			);
			defaultConfigurationIsVisible = 0;
			defaultConfigurationName = Release;
		};
		8B8B19BA23426AE4009D195A /* Build configuration list for PBXNativeTarget "Tests" */ = {
			isa = XCConfigurationList;
			buildConfigurations = (
				8B8B19BB23426AE4009D195A /* Debug */,
				8B8B19BC23426AE4009D195A /* Release */,
			);
			defaultConfigurationIsVisible = 0;
			defaultConfigurationName = Release;
		};
		8B8B19C023426B47009D195A /* Build configuration list for PBXAggregateTarget "Fixtures" */ = {
			isa = XCConfigurationList;
			buildConfigurations = (
				8B8B19C123426B47009D195A /* Debug */,
				8B8B19C223426B47009D195A /* Release */,
			);
			defaultConfigurationIsVisible = 0;
			defaultConfigurationName = Release;
		};
		8BDE68D1233233CE009342AD /* Build configuration list for PBXProject "Bow OpenAPI" */ = {
			isa = XCConfigurationList;
			buildConfigurations = (
				8BDE68DB233233CE009342AD /* Debug */,
				8BDE68DC233233CE009342AD /* Release */,
			);
			defaultConfigurationIsVisible = 0;
			defaultConfigurationName = Release;
		};
		8BDE68DD233233CE009342AD /* Build configuration list for PBXNativeTarget "Bow OpenAPI" */ = {
			isa = XCConfigurationList;
			buildConfigurations = (
				8BDE68DE233233CE009342AD /* Debug */,
				8BDE68DF233233CE009342AD /* Release */,
			);
			defaultConfigurationIsVisible = 0;
			defaultConfigurationName = Release;
		};
/* End XCConfigurationList section */

/* Begin XCRemoteSwiftPackageReference section */
		8B631A54234CD05F0045BF05 /* XCRemoteSwiftPackageReference "swift-snapshot-testing" */ = {
			isa = XCRemoteSwiftPackageReference;
			repositoryURL = "https://github.com/pointfreeco/swift-snapshot-testing.git";
			requirement = {
				kind = upToNextMajorVersion;
				minimumVersion = 1.6.0;
			};
		};
		8B8B1C1223435AC0009D195A /* XCRemoteSwiftPackageReference "SwiftCheck" */ = {
			isa = XCRemoteSwiftPackageReference;
			repositoryURL = "https://github.com/typelift/SwiftCheck.git";
			requirement = {
				kind = upToNextMajorVersion;
				minimumVersion = 0.12.0;
			};
		};
		8BDE68E02332347D009342AD /* XCRemoteSwiftPackageReference "Swiftline" */ = {
			isa = XCRemoteSwiftPackageReference;
			repositoryURL = "https://github.com/bow-swift/Swiftline.git";
			requirement = {
				kind = upToNextMajorVersion;
				minimumVersion = 0.5.3;
			};
		};
		8BFE7E46234E1720003E97BF /* XCRemoteSwiftPackageReference "bow" */ = {
			isa = XCRemoteSwiftPackageReference;
			repositoryURL = "https://github.com/bow-swift/bow.git";
			requirement = {
				branch = master;
				kind = branch;
			};
		};
/* End XCRemoteSwiftPackageReference section */

/* Begin XCSwiftPackageProductDependency section */
		8B631A55234CD05F0045BF05 /* SnapshotTesting */ = {
			isa = XCSwiftPackageProductDependency;
			package = 8B631A54234CD05F0045BF05 /* XCRemoteSwiftPackageReference "swift-snapshot-testing" */;
			productName = SnapshotTesting;
		};
		8B6B364D234CE66A00D3DE25 /* Swiftline */ = {
			isa = XCSwiftPackageProductDependency;
			package = 8BDE68E02332347D009342AD /* XCRemoteSwiftPackageReference "Swiftline" */;
			productName = Swiftline;
		};
		8B8B1C1323435AC0009D195A /* SwiftCheck */ = {
			isa = XCSwiftPackageProductDependency;
			package = 8B8B1C1223435AC0009D195A /* XCRemoteSwiftPackageReference "SwiftCheck" */;
			productName = SwiftCheck;
		};
		8BFE7E4D234E1732003E97BF /* Bow */ = {
			isa = XCSwiftPackageProductDependency;
			package = 8BFE7E46234E1720003E97BF /* XCRemoteSwiftPackageReference "bow" */;
			productName = Bow;
		};
		8BFE7E4F234E1732003E97BF /* BowEffects */ = {
			isa = XCSwiftPackageProductDependency;
			package = 8BFE7E46234E1720003E97BF /* XCRemoteSwiftPackageReference "bow" */;
			productName = BowEffects;
		};
		8BFE7E51234E1732003E97BF /* BowOptics */ = {
			isa = XCSwiftPackageProductDependency;
			package = 8BFE7E46234E1720003E97BF /* XCRemoteSwiftPackageReference "bow" */;
			productName = BowOptics;
		};
/* End XCSwiftPackageProductDependency section */
	};
	rootObject = 8BDE68CE233233CE009342AD /* Project object */;
}
