{
  "object": {
    "pins": [
      {
        "package": "Bow",
        "repositoryURL": "https://github.com/bow-swift/bow.git",
        "state": {
          "branch": "master",
          "revision": "e75a4f7f5fe1ed69a49f25fd0131b398f5910bf0",
          "version": null
        }
      },
      {
        "package": "FileCheck",
        "repositoryURL": "https://github.com/llvm-swift/FileCheck.git",
        "state": {
          "branch": null,
          "revision": "00945abac615e5203701be0f090ed0e2d2ff15bf",
          "version": "0.2.0"
        }
      },
      {
        "package": "Rainbow",
        "repositoryURL": "https://github.com/onevcat/Rainbow.git",
        "state": {
          "branch": null,
          "revision": "9c52c1952e9b2305d4507cf473392ac2d7c9b155",
          "version": "3.1.5"
        }
      },
      {
        "package": "RxSwift",
        "repositoryURL": "https://github.com/ReactiveX/RxSwift.git",
        "state": {
          "branch": null,
          "revision": "b3e888b4972d9bc76495dd74d30a8c7fad4b9395",
          "version": "5.0.1"
        }
      },
      {
        "package": "llbuild",
        "repositoryURL": "https://github.com/apple/swift-llbuild.git",
        "state": {
          "branch": null,
          "revision": "f73b84bc1525998e5e267f9d830c1411487ac65e",
          "version": "0.2.0"
        }
      },
      {
        "package": "SwiftPM",
        "repositoryURL": "https://github.com/apple/swift-package-manager.git",
        "state": {
          "branch": null,
          "revision": "9abcc2260438177cecd7cf5185b144d13e74122b",
          "version": "0.5.0"
        }
      },
      {
        "package": "SwiftCheck",
        "repositoryURL": "https://github.com/typelift/SwiftCheck.git",
        "state": {
          "branch": null,
          "revision": "077c096c3ddfc38db223ac8e525ad16ffb987138",
          "version": "0.12.0"
        }
      },
      {
        "package": "Swiftline",
        "repositoryURL": "https://github.com/bow-swift/Swiftline.git",
        "state": {
          "branch": null,
          "revision": "82298801b43ce7ea30b587bb22e130be3a644a7f",
          "version": "0.5.3"
        }
      }
    ]
  },
  "version": 1
}
