// !$*UTF8*$!
{
	archiveVersion = 1;
	classes = {
	};
	objectVersion = 52;
	objects = {

/* Begin PBXAggregateTarget section */
		8B8B19BF23426B47009D195A /* Fixtures */ = {
			isa = PBXAggregateTarget;
			buildConfigurationList = 8B8B19C023426B47009D195A /* Build configuration list for PBXAggregateTarget "Fixtures" */;
			buildPhases = (
				8B8B19C523426B52009D195A /* ShellScript */,
			);
			dependencies = (
				8B8B19C423426B4E009D195A /* PBXTargetDependency */,
			);
			name = Fixtures;
			productName = Fixtures;
		};
/* End PBXAggregateTarget section */

/* Begin PBXBuildFile section */
		8B22DD6C2338D2000000CED9 /* APIClientError.swift in Sources */ = {isa = PBXBuildFile; fileRef = 8B22DD6B2338D2000000CED9 /* APIClientError.swift */; };
		8B8B19B823426AE4009D195A /* Tests.swift in Sources */ = {isa = PBXBuildFile; fileRef = 8B8B19B723426AE4009D195A /* Tests.swift */; };
		8B8B19C723426B68009D195A /* Bow in Frameworks */ = {isa = PBXBuildFile; productRef = 8B8B19C623426B68009D195A /* Bow */; };
		8B8B19C923426B68009D195A /* BowEffects in Frameworks */ = {isa = PBXBuildFile; productRef = 8B8B19C823426B68009D195A /* BowEffects */; };
		8B8B19CB23426B68009D195A /* BowOptics in Frameworks */ = {isa = PBXBuildFile; productRef = 8B8B19CA23426B68009D195A /* BowOptics */; };
		8B8B19DE23426B98009D195A /* APIHelper.swift in Sources */ = {isa = PBXBuildFile; fileRef = 8B8B19CE23426B98009D195A /* APIHelper.swift */; };
		8B8B19DF23426B98009D195A /* DefaultAPI.swift in Sources */ = {isa = PBXBuildFile; fileRef = 8B8B19D023426B98009D195A /* DefaultAPI.swift */; };
		8B8B19E023426B98009D195A /* CodableHelper.swift in Sources */ = {isa = PBXBuildFile; fileRef = 8B8B19D123426B98009D195A /* CodableHelper.swift */; };
		8B8B19E123426B98009D195A /* APIs.swift in Sources */ = {isa = PBXBuildFile; fileRef = 8B8B19D223426B98009D195A /* APIs.swift */; };
		8B8B19E223426B98009D195A /* PetError.swift in Sources */ = {isa = PBXBuildFile; fileRef = 8B8B19D423426B98009D195A /* PetError.swift */; };
		8B8B19E323426B98009D195A /* Pets.swift in Sources */ = {isa = PBXBuildFile; fileRef = 8B8B19D523426B98009D195A /* Pets.swift */; };
		8B8B19E423426B98009D195A /* OwnerPerson.swift in Sources */ = {isa = PBXBuildFile; fileRef = 8B8B19D623426B98009D195A /* OwnerPerson.swift */; };
		8B8B19E523426B98009D195A /* Pet.swift in Sources */ = {isa = PBXBuildFile; fileRef = 8B8B19D723426B98009D195A /* Pet.swift */; };
		8B8B19E623426B98009D195A /* UpdatePet.swift in Sources */ = {isa = PBXBuildFile; fileRef = 8B8B19D823426B98009D195A /* UpdatePet.swift */; };
		8B8B19E723426B98009D195A /* NewPet.swift in Sources */ = {isa = PBXBuildFile; fileRef = 8B8B19D923426B98009D195A /* NewPet.swift */; };
		8B8B19E823426B98009D195A /* Owner.swift in Sources */ = {isa = PBXBuildFile; fileRef = 8B8B19DA23426B98009D195A /* Owner.swift */; };
		8B8B19E923426B98009D195A /* Extensions.swift in Sources */ = {isa = PBXBuildFile; fileRef = 8B8B19DB23426B98009D195A /* Extensions.swift */; };
		8B8B19EA23426B98009D195A /* Configuration.swift in Sources */ = {isa = PBXBuildFile; fileRef = 8B8B19DD23426B98009D195A /* Configuration.swift */; };
		8BD70861233D23280018E06B /* String+Format.swift in Sources */ = {isa = PBXBuildFile; fileRef = 8BD70860233D23280018E06B /* String+Format.swift */; };
		8BD70863233D2BE40018E06B /* Dictionary+Extensions.swift in Sources */ = {isa = PBXBuildFile; fileRef = 8BD70862233D2BE40018E06B /* Dictionary+Extensions.swift */; };
		8BD70914233E24430018E06B /* Array+Extensions.swift in Sources */ = {isa = PBXBuildFile; fileRef = 8BD70913233E24430018E06B /* Array+Extensions.swift */; };
		8BD70916233E3D650018E06B /* FileSystem.swift in Sources */ = {isa = PBXBuildFile; fileRef = 8BD70915233E3D650018E06B /* FileSystem.swift */; };
		8BD70918233E3F0E0018E06B /* Environment.swift in Sources */ = {isa = PBXBuildFile; fileRef = 8BD70917233E3F0E0018E06B /* Environment.swift */; };
		8BD7091A233E3F610018E06B /* ClientGenerator.swift in Sources */ = {isa = PBXBuildFile; fileRef = 8BD70919233E3F610018E06B /* ClientGenerator.swift */; };
		8BD7091E233E5AED0018E06B /* BowEffects in Frameworks */ = {isa = PBXBuildFile; productRef = 8BD7091D233E5AED0018E06B /* BowEffects */; };
		8BD70920233E5AED0018E06B /* BowOptics in Frameworks */ = {isa = PBXBuildFile; productRef = 8BD7091F233E5AED0018E06B /* BowOptics */; };
		8BD70922233E5AED0018E06B /* Bow in Frameworks */ = {isa = PBXBuildFile; productRef = 8BD70921233E5AED0018E06B /* Bow */; };
		8BD90F2E23328DAF00281786 /* _param.mustache in CopyFiles */ = {isa = PBXBuildFile; fileRef = 8BDE6909233280FE009342AD /* _param.mustache */; };
		8BD90F2F23328DAF00281786 /* AlamofireImplementations.mustache in CopyFiles */ = {isa = PBXBuildFile; fileRef = 8BDE690E233280FE009342AD /* AlamofireImplementations.mustache */; };
		8BD90F3023328DAF00281786 /* api.mustache in CopyFiles */ = {isa = PBXBuildFile; fileRef = 8BDE6911233280FE009342AD /* api.mustache */; };
		8BD90F3123328DAF00281786 /* APIHelper.mustache in CopyFiles */ = {isa = PBXBuildFile; fileRef = 8BDE690D233280FE009342AD /* APIHelper.mustache */; };
		8BD90F3223328DAF00281786 /* APIs.mustache in CopyFiles */ = {isa = PBXBuildFile; fileRef = 8BDE6914233280FF009342AD /* APIs.mustache */; };
		8BD90F3323328DAF00281786 /* Cartfile.mustache in CopyFiles */ = {isa = PBXBuildFile; fileRef = 8BDE690C233280FE009342AD /* Cartfile.mustache */; };
		8BD90F3423328DAF00281786 /* CodableHelper.mustache in CopyFiles */ = {isa = PBXBuildFile; fileRef = 8BDE6906233280FE009342AD /* CodableHelper.mustache */; };
		8BD90F3523328DAF00281786 /* Configuration.mustache in CopyFiles */ = {isa = PBXBuildFile; fileRef = 8BDE6916233280FF009342AD /* Configuration.mustache */; };
		8BD90F3623328DAF00281786 /* Extensions.mustache in CopyFiles */ = {isa = PBXBuildFile; fileRef = 8BDE6904233280FE009342AD /* Extensions.mustache */; };
		8BD90F3723328DAF00281786 /* git_push.sh.mustache in CopyFiles */ = {isa = PBXBuildFile; fileRef = 8BDE6910233280FE009342AD /* git_push.sh.mustache */; };
		8BD90F3823328DAF00281786 /* gitignore.mustache in CopyFiles */ = {isa = PBXBuildFile; fileRef = 8BDE6907233280FE009342AD /* gitignore.mustache */; };
		8BD90F3923328DAF00281786 /* JSONEncodableEncoding.mustache in CopyFiles */ = {isa = PBXBuildFile; fileRef = 8BDE690B233280FE009342AD /* JSONEncodableEncoding.mustache */; };
		8BD90F3A23328DAF00281786 /* JSONEncodingHelper.mustache in CopyFiles */ = {isa = PBXBuildFile; fileRef = 8BDE6917233280FF009342AD /* JSONEncodingHelper.mustache */; };
		8BD90F3B23328DAF00281786 /* model.mustache in CopyFiles */ = {isa = PBXBuildFile; fileRef = 8BDE6908233280FE009342AD /* model.mustache */; };
		8BD90F3C23328DAF00281786 /* modelArray.mustache in CopyFiles */ = {isa = PBXBuildFile; fileRef = 8BDE6915233280FF009342AD /* modelArray.mustache */; };
		8BD90F3D23328DAF00281786 /* modelEnum.mustache in CopyFiles */ = {isa = PBXBuildFile; fileRef = 8BDE6903233280FE009342AD /* modelEnum.mustache */; };
		8BD90F3E23328DAF00281786 /* modelInlineEnumDeclaration.mustache in CopyFiles */ = {isa = PBXBuildFile; fileRef = 8BDE690A233280FE009342AD /* modelInlineEnumDeclaration.mustache */; };
		8BD90F3F23328DAF00281786 /* modelObject.mustache in CopyFiles */ = {isa = PBXBuildFile; fileRef = 8BDE6905233280FE009342AD /* modelObject.mustache */; };
		8BD90F4023328DAF00281786 /* Models.mustache in CopyFiles */ = {isa = PBXBuildFile; fileRef = 8BDE690F233280FE009342AD /* Models.mustache */; };
		8BD90F4123328DAF00281786 /* Podspec.mustache in CopyFiles */ = {isa = PBXBuildFile; fileRef = 8BDE6912233280FE009342AD /* Podspec.mustache */; };
		8BD90F4223328DAF00281786 /* README.mustache in CopyFiles */ = {isa = PBXBuildFile; fileRef = 8BDE6913233280FF009342AD /* README.mustache */; };
		8BD90F4523328E2600281786 /* String+Path.swift in Sources */ = {isa = PBXBuildFile; fileRef = 8BD90F4423328E2600281786 /* String+Path.swift */; };
		8BDE68DA233233CE009342AD /* main.swift in Sources */ = {isa = PBXBuildFile; fileRef = 8BDE68D9233233CE009342AD /* main.swift */; };
		8BDE68E22332347D009342AD /* Swiftline in Frameworks */ = {isa = PBXBuildFile; productRef = 8BDE68E12332347D009342AD /* Swiftline */; };
		8BDE68ED23326E42009342AD /* Console.swift in Sources */ = {isa = PBXBuildFile; fileRef = 8BDE68EC23326E42009342AD /* Console.swift */; };
		8BDE691B23328538009342AD /* CommandLine.swift in Sources */ = {isa = PBXBuildFile; fileRef = 8BDE691A23328538009342AD /* CommandLine.swift */; };
		8BDE691E233286CC009342AD /* APIClient.swift in Sources */ = {isa = PBXBuildFile; fileRef = 8BDE691D233286CC009342AD /* APIClient.swift */; };
		8BDEB0B42340D5850095A6E0 /* FileSystemError.swift in Sources */ = {isa = PBXBuildFile; fileRef = 8BDEB0B32340D5850095A6E0 /* FileSystemError.swift */; };
		8BDEB0B62340DAAF0095A6E0 /* GeneratorError.swift in Sources */ = {isa = PBXBuildFile; fileRef = 8BDEB0B52340DAAF0095A6E0 /* GeneratorError.swift */; };
		8BDEB0BA2340DBC10095A6E0 /* SwaggerClientGenerator.swift in Sources */ = {isa = PBXBuildFile; fileRef = 8BDEB0B92340DBC10095A6E0 /* SwaggerClientGenerator.swift */; };
		8BDEB0BC2340DBE10095A6E0 /* MacFileSystem.swift in Sources */ = {isa = PBXBuildFile; fileRef = 8BDEB0BB2340DBE10095A6E0 /* MacFileSystem.swift */; };
/* End PBXBuildFile section */

/* Begin PBXContainerItemProxy section */
		8B8B19C323426B4E009D195A /* PBXContainerItemProxy */ = {
			isa = PBXContainerItemProxy;
			containerPortal = 8BDE68CE233233CE009342AD /* Project object */;
			proxyType = 1;
			remoteGlobalIDString = 8BDE68D5233233CE009342AD;
			remoteInfo = "Bow OpenAPI";
		};
/* End PBXContainerItemProxy section */

/* Begin PBXCopyFilesBuildPhase section */
		8BDE68D4233233CE009342AD /* CopyFiles */ = {
			isa = PBXCopyFilesBuildPhase;
			buildActionMask = 12;
			dstPath = bow/openapi/templates;
			dstSubfolderSpec = 16;
			files = (
				8BD90F2E23328DAF00281786 /* _param.mustache in CopyFiles */,
				8BD90F2F23328DAF00281786 /* AlamofireImplementations.mustache in CopyFiles */,
				8BD90F3023328DAF00281786 /* api.mustache in CopyFiles */,
				8BD90F3123328DAF00281786 /* APIHelper.mustache in CopyFiles */,
				8BD90F3223328DAF00281786 /* APIs.mustache in CopyFiles */,
				8BD90F3323328DAF00281786 /* Cartfile.mustache in CopyFiles */,
				8BD90F3423328DAF00281786 /* CodableHelper.mustache in CopyFiles */,
				8BD90F3523328DAF00281786 /* Configuration.mustache in CopyFiles */,
				8BD90F3623328DAF00281786 /* Extensions.mustache in CopyFiles */,
				8BD90F3723328DAF00281786 /* git_push.sh.mustache in CopyFiles */,
				8BD90F3823328DAF00281786 /* gitignore.mustache in CopyFiles */,
				8BD90F3923328DAF00281786 /* JSONEncodableEncoding.mustache in CopyFiles */,
				8BD90F3A23328DAF00281786 /* JSONEncodingHelper.mustache in CopyFiles */,
				8BD90F3B23328DAF00281786 /* model.mustache in CopyFiles */,
				8BD90F3C23328DAF00281786 /* modelArray.mustache in CopyFiles */,
				8BD90F3D23328DAF00281786 /* modelEnum.mustache in CopyFiles */,
				8BD90F3E23328DAF00281786 /* modelInlineEnumDeclaration.mustache in CopyFiles */,
				8BD90F3F23328DAF00281786 /* modelObject.mustache in CopyFiles */,
				8BD90F4023328DAF00281786 /* Models.mustache in CopyFiles */,
				8BD90F4123328DAF00281786 /* Podspec.mustache in CopyFiles */,
				8BD90F4223328DAF00281786 /* README.mustache in CopyFiles */,
			);
			runOnlyForDeploymentPostprocessing = 0;
		};
/* End PBXCopyFilesBuildPhase section */

/* Begin PBXFileReference section */
		8B22DD6B2338D2000000CED9 /* APIClientError.swift */ = {isa = PBXFileReference; lastKnownFileType = sourcecode.swift; path = APIClientError.swift; sourceTree = "<group>"; };
		8B8B19B523426AE4009D195A /* Tests.xctest */ = {isa = PBXFileReference; explicitFileType = wrapper.cfbundle; includeInIndex = 0; path = Tests.xctest; sourceTree = BUILT_PRODUCTS_DIR; };
		8B8B19B723426AE4009D195A /* Tests.swift */ = {isa = PBXFileReference; lastKnownFileType = sourcecode.swift; path = Tests.swift; sourceTree = "<group>"; };
		8B8B19B923426AE4009D195A /* Info.plist */ = {isa = PBXFileReference; lastKnownFileType = text.plist.xml; path = Info.plist; sourceTree = "<group>"; };
		8B8B19CC23426B83009D195A /* petstore.yaml */ = {isa = PBXFileReference; fileEncoding = 4; lastKnownFileType = text.yaml; path = petstore.yaml; sourceTree = "<group>"; };
		8B8B19CE23426B98009D195A /* APIHelper.swift */ = {isa = PBXFileReference; fileEncoding = 4; lastKnownFileType = sourcecode.swift; path = APIHelper.swift; sourceTree = "<group>"; };
		8B8B19D023426B98009D195A /* DefaultAPI.swift */ = {isa = PBXFileReference; fileEncoding = 4; lastKnownFileType = sourcecode.swift; path = DefaultAPI.swift; sourceTree = "<group>"; };
		8B8B19D123426B98009D195A /* CodableHelper.swift */ = {isa = PBXFileReference; fileEncoding = 4; lastKnownFileType = sourcecode.swift; path = CodableHelper.swift; sourceTree = "<group>"; };
		8B8B19D223426B98009D195A /* APIs.swift */ = {isa = PBXFileReference; fileEncoding = 4; lastKnownFileType = sourcecode.swift; path = APIs.swift; sourceTree = "<group>"; };
		8B8B19D423426B98009D195A /* PetError.swift */ = {isa = PBXFileReference; fileEncoding = 4; lastKnownFileType = sourcecode.swift; path = PetError.swift; sourceTree = "<group>"; };
		8B8B19D523426B98009D195A /* Pets.swift */ = {isa = PBXFileReference; fileEncoding = 4; lastKnownFileType = sourcecode.swift; path = Pets.swift; sourceTree = "<group>"; };
		8B8B19D623426B98009D195A /* OwnerPerson.swift */ = {isa = PBXFileReference; fileEncoding = 4; lastKnownFileType = sourcecode.swift; path = OwnerPerson.swift; sourceTree = "<group>"; };
		8B8B19D723426B98009D195A /* Pet.swift */ = {isa = PBXFileReference; fileEncoding = 4; lastKnownFileType = sourcecode.swift; path = Pet.swift; sourceTree = "<group>"; };
		8B8B19D823426B98009D195A /* UpdatePet.swift */ = {isa = PBXFileReference; fileEncoding = 4; lastKnownFileType = sourcecode.swift; path = UpdatePet.swift; sourceTree = "<group>"; };
		8B8B19D923426B98009D195A /* NewPet.swift */ = {isa = PBXFileReference; fileEncoding = 4; lastKnownFileType = sourcecode.swift; path = NewPet.swift; sourceTree = "<group>"; };
		8B8B19DA23426B98009D195A /* Owner.swift */ = {isa = PBXFileReference; fileEncoding = 4; lastKnownFileType = sourcecode.swift; path = Owner.swift; sourceTree = "<group>"; };
		8B8B19DB23426B98009D195A /* Extensions.swift */ = {isa = PBXFileReference; fileEncoding = 4; lastKnownFileType = sourcecode.swift; path = Extensions.swift; sourceTree = "<group>"; };
		8B8B19DD23426B98009D195A /* Configuration.swift */ = {isa = PBXFileReference; fileEncoding = 4; lastKnownFileType = sourcecode.swift; path = Configuration.swift; sourceTree = "<group>"; };
		8BD70860233D23280018E06B /* String+Format.swift */ = {isa = PBXFileReference; lastKnownFileType = sourcecode.swift; path = "String+Format.swift"; sourceTree = "<group>"; };
		8BD70862233D2BE40018E06B /* Dictionary+Extensions.swift */ = {isa = PBXFileReference; lastKnownFileType = sourcecode.swift; path = "Dictionary+Extensions.swift"; sourceTree = "<group>"; };
		8BD70913233E24430018E06B /* Array+Extensions.swift */ = {isa = PBXFileReference; lastKnownFileType = sourcecode.swift; path = "Array+Extensions.swift"; sourceTree = "<group>"; };
		8BD70915233E3D650018E06B /* FileSystem.swift */ = {isa = PBXFileReference; lastKnownFileType = sourcecode.swift; path = FileSystem.swift; sourceTree = "<group>"; };
		8BD70917233E3F0E0018E06B /* Environment.swift */ = {isa = PBXFileReference; lastKnownFileType = sourcecode.swift; path = Environment.swift; sourceTree = "<group>"; };
		8BD70919233E3F610018E06B /* ClientGenerator.swift */ = {isa = PBXFileReference; lastKnownFileType = sourcecode.swift; path = ClientGenerator.swift; sourceTree = "<group>"; };
		8BD90F4423328E2600281786 /* String+Path.swift */ = {isa = PBXFileReference; fileEncoding = 4; lastKnownFileType = sourcecode.swift; path = "String+Path.swift"; sourceTree = "<group>"; };
		8BDE68D6233233CE009342AD /* bow-openapi */ = {isa = PBXFileReference; explicitFileType = "compiled.mach-o.executable"; includeInIndex = 0; path = "bow-openapi"; sourceTree = BUILT_PRODUCTS_DIR; };
		8BDE68D9233233CE009342AD /* main.swift */ = {isa = PBXFileReference; lastKnownFileType = sourcecode.swift; path = main.swift; sourceTree = "<group>"; };
		8BDE68EC23326E42009342AD /* Console.swift */ = {isa = PBXFileReference; lastKnownFileType = sourcecode.swift; path = Console.swift; sourceTree = "<group>"; };
		8BDE6903233280FE009342AD /* modelEnum.mustache */ = {isa = PBXFileReference; fileEncoding = 4; lastKnownFileType = text; path = modelEnum.mustache; sourceTree = "<group>"; };
		8BDE6904233280FE009342AD /* Extensions.mustache */ = {isa = PBXFileReference; fileEncoding = 4; lastKnownFileType = text; path = Extensions.mustache; sourceTree = "<group>"; };
		8BDE6905233280FE009342AD /* modelObject.mustache */ = {isa = PBXFileReference; fileEncoding = 4; lastKnownFileType = text; path = modelObject.mustache; sourceTree = "<group>"; };
		8BDE6906233280FE009342AD /* CodableHelper.mustache */ = {isa = PBXFileReference; fileEncoding = 4; lastKnownFileType = text; path = CodableHelper.mustache; sourceTree = "<group>"; };
		8BDE6907233280FE009342AD /* gitignore.mustache */ = {isa = PBXFileReference; fileEncoding = 4; lastKnownFileType = text; path = gitignore.mustache; sourceTree = "<group>"; };
		8BDE6908233280FE009342AD /* model.mustache */ = {isa = PBXFileReference; fileEncoding = 4; lastKnownFileType = text; path = model.mustache; sourceTree = "<group>"; };
		8BDE6909233280FE009342AD /* _param.mustache */ = {isa = PBXFileReference; fileEncoding = 4; lastKnownFileType = text; path = _param.mustache; sourceTree = "<group>"; };
		8BDE690A233280FE009342AD /* modelInlineEnumDeclaration.mustache */ = {isa = PBXFileReference; fileEncoding = 4; lastKnownFileType = text; path = modelInlineEnumDeclaration.mustache; sourceTree = "<group>"; };
		8BDE690B233280FE009342AD /* JSONEncodableEncoding.mustache */ = {isa = PBXFileReference; fileEncoding = 4; lastKnownFileType = text; path = JSONEncodableEncoding.mustache; sourceTree = "<group>"; };
		8BDE690C233280FE009342AD /* Cartfile.mustache */ = {isa = PBXFileReference; fileEncoding = 4; lastKnownFileType = text; path = Cartfile.mustache; sourceTree = "<group>"; };
		8BDE690D233280FE009342AD /* APIHelper.mustache */ = {isa = PBXFileReference; fileEncoding = 4; lastKnownFileType = text; path = APIHelper.mustache; sourceTree = "<group>"; };
		8BDE690E233280FE009342AD /* AlamofireImplementations.mustache */ = {isa = PBXFileReference; fileEncoding = 4; lastKnownFileType = text; path = AlamofireImplementations.mustache; sourceTree = "<group>"; };
		8BDE690F233280FE009342AD /* Models.mustache */ = {isa = PBXFileReference; fileEncoding = 4; lastKnownFileType = text; path = Models.mustache; sourceTree = "<group>"; };
		8BDE6910233280FE009342AD /* git_push.sh.mustache */ = {isa = PBXFileReference; fileEncoding = 4; lastKnownFileType = text.script.sh; path = git_push.sh.mustache; sourceTree = "<group>"; };
		8BDE6911233280FE009342AD /* api.mustache */ = {isa = PBXFileReference; fileEncoding = 4; lastKnownFileType = text; path = api.mustache; sourceTree = "<group>"; };
		8BDE6912233280FE009342AD /* Podspec.mustache */ = {isa = PBXFileReference; fileEncoding = 4; lastKnownFileType = text; path = Podspec.mustache; sourceTree = "<group>"; };
		8BDE6913233280FF009342AD /* README.mustache */ = {isa = PBXFileReference; fileEncoding = 4; lastKnownFileType = text; path = README.mustache; sourceTree = "<group>"; };
		8BDE6914233280FF009342AD /* APIs.mustache */ = {isa = PBXFileReference; fileEncoding = 4; lastKnownFileType = text; path = APIs.mustache; sourceTree = "<group>"; };
		8BDE6915233280FF009342AD /* modelArray.mustache */ = {isa = PBXFileReference; fileEncoding = 4; lastKnownFileType = text; path = modelArray.mustache; sourceTree = "<group>"; };
		8BDE6916233280FF009342AD /* Configuration.mustache */ = {isa = PBXFileReference; fileEncoding = 4; lastKnownFileType = text; path = Configuration.mustache; sourceTree = "<group>"; };
		8BDE6917233280FF009342AD /* JSONEncodingHelper.mustache */ = {isa = PBXFileReference; fileEncoding = 4; lastKnownFileType = text; path = JSONEncodingHelper.mustache; sourceTree = "<group>"; };
		8BDE691A23328538009342AD /* CommandLine.swift */ = {isa = PBXFileReference; lastKnownFileType = sourcecode.swift; path = CommandLine.swift; sourceTree = "<group>"; };
		8BDE691D233286CC009342AD /* APIClient.swift */ = {isa = PBXFileReference; lastKnownFileType = sourcecode.swift; path = APIClient.swift; sourceTree = "<group>"; };
		8BDEB0B32340D5850095A6E0 /* FileSystemError.swift */ = {isa = PBXFileReference; lastKnownFileType = sourcecode.swift; path = FileSystemError.swift; sourceTree = "<group>"; };
		8BDEB0B52340DAAF0095A6E0 /* GeneratorError.swift */ = {isa = PBXFileReference; lastKnownFileType = sourcecode.swift; path = GeneratorError.swift; sourceTree = "<group>"; };
		8BDEB0B92340DBC10095A6E0 /* SwaggerClientGenerator.swift */ = {isa = PBXFileReference; lastKnownFileType = sourcecode.swift; path = SwaggerClientGenerator.swift; sourceTree = "<group>"; };
		8BDEB0BB2340DBE10095A6E0 /* MacFileSystem.swift */ = {isa = PBXFileReference; lastKnownFileType = sourcecode.swift; path = MacFileSystem.swift; sourceTree = "<group>"; };
/* End PBXFileReference section */

/* Begin PBXFrameworksBuildPhase section */
		8B8B19B223426AE4009D195A /* Frameworks */ = {
			isa = PBXFrameworksBuildPhase;
			buildActionMask = 2147483647;
			files = (
				8B8B19CB23426B68009D195A /* BowOptics in Frameworks */,
				8B8B19C923426B68009D195A /* BowEffects in Frameworks */,
				8B8B19C723426B68009D195A /* Bow in Frameworks */,
			);
			runOnlyForDeploymentPostprocessing = 0;
		};
		8BDE68D3233233CE009342AD /* Frameworks */ = {
			isa = PBXFrameworksBuildPhase;
			buildActionMask = 2147483647;
			files = (
				8BD70920233E5AED0018E06B /* BowOptics in Frameworks */,
				8BD7091E233E5AED0018E06B /* BowEffects in Frameworks */,
				8BDE68E22332347D009342AD /* Swiftline in Frameworks */,
				8BD70922233E5AED0018E06B /* Bow in Frameworks */,
			);
			runOnlyForDeploymentPostprocessing = 0;
		};
/* End PBXFrameworksBuildPhase section */

/* Begin PBXGroup section */
		8B8B199523426961009D195A /* Frameworks */ = {
			isa = PBXGroup;
			children = (
			);
			name = Frameworks;
			sourceTree = "<group>";
		};
		8B8B19B623426AE4009D195A /* Tests */ = {
			isa = PBXGroup;
			children = (
				8B8B19B723426AE4009D195A /* Tests.swift */,
				8B8B19BD23426AEF009D195A /* Fixtures */,
				8B8B19BE23426B15009D195A /* Support Files */,
			);
			path = Tests;
			sourceTree = "<group>";
		};
		8B8B19BD23426AEF009D195A /* Fixtures */ = {
			isa = PBXGroup;
			children = (
				8B8B19CC23426B83009D195A /* petstore.yaml */,
				8B8B19CD23426B98009D195A /* api */,
			);
			path = Fixtures;
			sourceTree = "<group>";
		};
		8B8B19BE23426B15009D195A /* Support Files */ = {
			isa = PBXGroup;
			children = (
				8B8B19B923426AE4009D195A /* Info.plist */,
			);
			path = "Support Files";
			sourceTree = "<group>";
		};
		8B8B19CD23426B98009D195A /* api */ = {
			isa = PBXGroup;
			children = (
				8B8B19CE23426B98009D195A /* APIHelper.swift */,
				8B8B19D223426B98009D195A /* APIs.swift */,
				8B8B19D123426B98009D195A /* CodableHelper.swift */,
				8B8B19DD23426B98009D195A /* Configuration.swift */,
				8B8B19DB23426B98009D195A /* Extensions.swift */,
				8B8B19CF23426B98009D195A /* APIs */,
				8B8B19D323426B98009D195A /* Models */,
			);
			path = api;
			sourceTree = "<group>";
		};
		8B8B19CF23426B98009D195A /* APIs */ = {
			isa = PBXGroup;
			children = (
				8B8B19D023426B98009D195A /* DefaultAPI.swift */,
			);
			path = APIs;
			sourceTree = "<group>";
		};
		8B8B19D323426B98009D195A /* Models */ = {
			isa = PBXGroup;
			children = (
				8B8B19D923426B98009D195A /* NewPet.swift */,
				8B8B19DA23426B98009D195A /* Owner.swift */,
				8B8B19D623426B98009D195A /* OwnerPerson.swift */,
				8B8B19D723426B98009D195A /* Pet.swift */,
				8B8B19D423426B98009D195A /* PetError.swift */,
				8B8B19D523426B98009D195A /* Pets.swift */,
				8B8B19D823426B98009D195A /* UpdatePet.swift */,
			);
			path = Models;
			sourceTree = "<group>";
		};
		8BD90F4323328E1D00281786 /* Utils */ = {
			isa = PBXGroup;
			children = (
				8BD90F4423328E2600281786 /* String+Path.swift */,
				8BD70860233D23280018E06B /* String+Format.swift */,
				8BD70862233D2BE40018E06B /* Dictionary+Extensions.swift */,
				8BD70913233E24430018E06B /* Array+Extensions.swift */,
			);
			path = Utils;
			sourceTree = "<group>";
		};
		8BDE68CD233233CE009342AD = {
			isa = PBXGroup;
			children = (
				8BDE68D8233233CE009342AD /* Bow OpenAPI */,
				8BDE68EA23323602009342AD /* Templates */,
				8B8B19B623426AE4009D195A /* Tests */,
				8BDE68D7233233CE009342AD /* Products */,
				8B8B199523426961009D195A /* Frameworks */,
			);
			sourceTree = "<group>";
		};
		8BDE68D7233233CE009342AD /* Products */ = {
			isa = PBXGroup;
			children = (
				8BDE68D6233233CE009342AD /* bow-openapi */,
				8B8B19B523426AE4009D195A /* Tests.xctest */,
			);
			name = Products;
			sourceTree = "<group>";
		};
		8BDE68D8233233CE009342AD /* Bow OpenAPI */ = {
			isa = PBXGroup;
			children = (
				8BDE68D9233233CE009342AD /* main.swift */,
				8BDE691C2332854C009342AD /* UI */,
				8BDE691F233286F7009342AD /* Generator */,
				8BD90F4323328E1D00281786 /* Utils */,
			);
			path = "Bow OpenAPI";
			sourceTree = "<group>";
		};
		8BDE68EA23323602009342AD /* Templates */ = {
			isa = PBXGroup;
			children = (
				8BDE6909233280FE009342AD /* _param.mustache */,
				8BDE690E233280FE009342AD /* AlamofireImplementations.mustache */,
				8BDE6911233280FE009342AD /* api.mustache */,
				8BDE690D233280FE009342AD /* APIHelper.mustache */,
				8BDE6914233280FF009342AD /* APIs.mustache */,
				8BDE690C233280FE009342AD /* Cartfile.mustache */,
				8BDE6906233280FE009342AD /* CodableHelper.mustache */,
				8BDE6916233280FF009342AD /* Configuration.mustache */,
				8BDE6904233280FE009342AD /* Extensions.mustache */,
				8BDE6910233280FE009342AD /* git_push.sh.mustache */,
				8BDE6907233280FE009342AD /* gitignore.mustache */,
				8BDE690B233280FE009342AD /* JSONEncodableEncoding.mustache */,
				8BDE6917233280FF009342AD /* JSONEncodingHelper.mustache */,
				8BDE6908233280FE009342AD /* model.mustache */,
				8BDE6915233280FF009342AD /* modelArray.mustache */,
				8BDE6903233280FE009342AD /* modelEnum.mustache */,
				8BDE690A233280FE009342AD /* modelInlineEnumDeclaration.mustache */,
				8BDE6905233280FE009342AD /* modelObject.mustache */,
				8BDE690F233280FE009342AD /* Models.mustache */,
				8BDE6912233280FE009342AD /* Podspec.mustache */,
				8BDE6913233280FF009342AD /* README.mustache */,
			);
			path = Templates;
			sourceTree = "<group>";
		};
		8BDE691C2332854C009342AD /* UI */ = {
			isa = PBXGroup;
			children = (
				8BDE68EC23326E42009342AD /* Console.swift */,
				8BDE691A23328538009342AD /* CommandLine.swift */,
			);
			path = UI;
			sourceTree = "<group>";
		};
		8BDE691F233286F7009342AD /* Generator */ = {
			isa = PBXGroup;
			children = (
				8BD70917233E3F0E0018E06B /* Environment.swift */,
				8BDE691D233286CC009342AD /* APIClient.swift */,
				8BDEB0B92340DBC10095A6E0 /* SwaggerClientGenerator.swift */,
				8BDEB0BB2340DBE10095A6E0 /* MacFileSystem.swift */,
				8BDEB0B72340DB340095A6E0 /* Algebra */,
				8BDEB0B82340DB4B0095A6E0 /* Error */,
			);
			path = Generator;
			sourceTree = "<group>";
		};
		8BDEB0B72340DB340095A6E0 /* Algebra */ = {
			isa = PBXGroup;
			children = (
				8BD70915233E3D650018E06B /* FileSystem.swift */,
				8BD70919233E3F610018E06B /* ClientGenerator.swift */,
			);
			path = Algebra;
			sourceTree = "<group>";
		};
		8BDEB0B82340DB4B0095A6E0 /* Error */ = {
			isa = PBXGroup;
			children = (
				8B22DD6B2338D2000000CED9 /* APIClientError.swift */,
				8BDEB0B32340D5850095A6E0 /* FileSystemError.swift */,
				8BDEB0B52340DAAF0095A6E0 /* GeneratorError.swift */,
			);
			path = Error;
			sourceTree = "<group>";
		};
/* End PBXGroup section */

/* Begin PBXNativeTarget section */
		8B8B19B423426AE4009D195A /* Tests */ = {
			isa = PBXNativeTarget;
			buildConfigurationList = 8B8B19BA23426AE4009D195A /* Build configuration list for PBXNativeTarget "Tests" */;
			buildPhases = (
				8B8B19B123426AE4009D195A /* Sources */,
				8B8B19B223426AE4009D195A /* Frameworks */,
			);
			buildRules = (
			);
			dependencies = (
			);
			name = Tests;
			packageProductDependencies = (
				8B8B19C623426B68009D195A /* Bow */,
				8B8B19C823426B68009D195A /* BowEffects */,
				8B8B19CA23426B68009D195A /* BowOptics */,
			);
			productName = Tests;
			productReference = 8B8B19B523426AE4009D195A /* Tests.xctest */;
			productType = "com.apple.product-type.bundle.unit-test";
		};
		8BDE68D5233233CE009342AD /* Bow OpenAPI */ = {
			isa = PBXNativeTarget;
			buildConfigurationList = 8BDE68DD233233CE009342AD /* Build configuration list for PBXNativeTarget "Bow OpenAPI" */;
			buildPhases = (
				8BDE68D2233233CE009342AD /* Sources */,
				8BDE68D3233233CE009342AD /* Frameworks */,
				8BDE68D4233233CE009342AD /* CopyFiles */,
			);
			buildRules = (
			);
			dependencies = (
			);
			name = "Bow OpenAPI";
			packageProductDependencies = (
				8BDE68E12332347D009342AD /* Swiftline */,
				8BD7091D233E5AED0018E06B /* BowEffects */,
				8BD7091F233E5AED0018E06B /* BowOptics */,
				8BD70921233E5AED0018E06B /* Bow */,
			);
			productName = "Bow OpenAPI";
			productReference = 8BDE68D6233233CE009342AD /* bow-openapi */;
			productType = "com.apple.product-type.tool";
		};
/* End PBXNativeTarget section */

/* Begin PBXProject section */
		8BDE68CE233233CE009342AD /* Project object */ = {
			isa = PBXProject;
			attributes = {
				LastSwiftUpdateCheck = 1100;
				LastUpgradeCheck = 1100;
				ORGANIZATIONNAME = "47 Degrees";
				TargetAttributes = {
					8B8B19B423426AE4009D195A = {
						CreatedOnToolsVersion = 11.0;
					};
					8B8B19BF23426B47009D195A = {
						CreatedOnToolsVersion = 11.0;
					};
					8BDE68D5233233CE009342AD = {
						CreatedOnToolsVersion = 11.0;
					};
				};
			};
			buildConfigurationList = 8BDE68D1233233CE009342AD /* Build configuration list for PBXProject "Bow OpenAPI" */;
			compatibilityVersion = "Xcode 9.3";
			developmentRegion = en;
			hasScannedForEncodings = 0;
			knownRegions = (
				en,
				Base,
			);
			mainGroup = 8BDE68CD233233CE009342AD;
			packageReferences = (
				8BDE68E02332347D009342AD /* XCRemoteSwiftPackageReference "Swiftline" */,
				8BD7091C233E5AED0018E06B /* XCRemoteSwiftPackageReference "bow" */,
			);
			productRefGroup = 8BDE68D7233233CE009342AD /* Products */;
			projectDirPath = "";
			projectRoot = "";
			targets = (
				8BDE68D5233233CE009342AD /* Bow OpenAPI */,
				8B8B19B423426AE4009D195A /* Tests */,
				8B8B19BF23426B47009D195A /* Fixtures */,
			);
		};
/* End PBXProject section */

/* Begin PBXShellScriptBuildPhase section */
		8B8B19C523426B52009D195A /* ShellScript */ = {
			isa = PBXShellScriptBuildPhase;
			buildActionMask = 2147483647;
			files = (
			);
			inputFileListPaths = (
			);
			inputPaths = (
			);
			outputFileListPaths = (
			);
			outputPaths = (
			);
			runOnlyForDeploymentPostprocessing = 0;
			shellPath = /bin/sh;
			shellScript = "cd ${BUILT_PRODUCTS_DIR}\ntests=${SRCROOT}/Tests/Fixtures\n\n./bow-openapi --scheme \"$tests/petstore.yaml\" --output \"$tests/api\"\n";
		};
/* End PBXShellScriptBuildPhase section */

/* Begin PBXSourcesBuildPhase section */
		8B8B19B123426AE4009D195A /* Sources */ = {
			isa = PBXSourcesBuildPhase;
			buildActionMask = 2147483647;
			files = (
				8B8B19E623426B98009D195A /* UpdatePet.swift in Sources */,
				8B8B19E823426B98009D195A /* Owner.swift in Sources */,
				8B8B19EA23426B98009D195A /* Configuration.swift in Sources */,
				8B8B19E323426B98009D195A /* Pets.swift in Sources */,
				8B8B19E223426B98009D195A /* PetError.swift in Sources */,
				8B8B19E023426B98009D195A /* CodableHelper.swift in Sources */,
				8B8B19E523426B98009D195A /* Pet.swift in Sources */,
				8B8B19DE23426B98009D195A /* APIHelper.swift in Sources */,
				8B8B19DF23426B98009D195A /* DefaultAPI.swift in Sources */,
				8B8B19E923426B98009D195A /* Extensions.swift in Sources */,
				8B8B19E123426B98009D195A /* APIs.swift in Sources */,
				8B8B19E423426B98009D195A /* OwnerPerson.swift in Sources */,
				8B8B19B823426AE4009D195A /* Tests.swift in Sources */,
				8B8B19E723426B98009D195A /* NewPet.swift in Sources */,
			);
			runOnlyForDeploymentPostprocessing = 0;
		};
		8BDE68D2233233CE009342AD /* Sources */ = {
			isa = PBXSourcesBuildPhase;
			buildActionMask = 2147483647;
			files = (
				8BD70861233D23280018E06B /* String+Format.swift in Sources */,
				8BDE691B23328538009342AD /* CommandLine.swift in Sources */,
				8BDE691E233286CC009342AD /* APIClient.swift in Sources */,
				8BDEB0B62340DAAF0095A6E0 /* GeneratorError.swift in Sources */,
				8BDEB0BC2340DBE10095A6E0 /* MacFileSystem.swift in Sources */,
				8BDE68ED23326E42009342AD /* Console.swift in Sources */,
				8BD7091A233E3F610018E06B /* ClientGenerator.swift in Sources */,
				8BDE68DA233233CE009342AD /* main.swift in Sources */,
				8B22DD6C2338D2000000CED9 /* APIClientError.swift in Sources */,
				8BD70916233E3D650018E06B /* FileSystem.swift in Sources */,
				8BD70918233E3F0E0018E06B /* Environment.swift in Sources */,
				8BD90F4523328E2600281786 /* String+Path.swift in Sources */,
				8BD70914233E24430018E06B /* Array+Extensions.swift in Sources */,
				8BDEB0BA2340DBC10095A6E0 /* SwaggerClientGenerator.swift in Sources */,
				8BD70863233D2BE40018E06B /* Dictionary+Extensions.swift in Sources */,
				8BDEB0B42340D5850095A6E0 /* FileSystemError.swift in Sources */,
			);
			runOnlyForDeploymentPostprocessing = 0;
		};
/* End PBXSourcesBuildPhase section */

/* Begin PBXTargetDependency section */
		8B8B19C423426B4E009D195A /* PBXTargetDependency */ = {
			isa = PBXTargetDependency;
			target = 8BDE68D5233233CE009342AD /* Bow OpenAPI */;
			targetProxy = 8B8B19C323426B4E009D195A /* PBXContainerItemProxy */;
		};
/* End PBXTargetDependency section */

/* Begin XCBuildConfiguration section */
		8B8B19BB23426AE4009D195A /* Debug */ = {
			isa = XCBuildConfiguration;
			buildSettings = {
				CODE_SIGN_STYLE = Automatic;
				COMBINE_HIDPI_IMAGES = YES;
				INFOPLIST_FILE = Tests/Info.plist;
				LD_RUNPATH_SEARCH_PATHS = (
					"$(inherited)",
					"@executable_path/../Frameworks",
					"@loader_path/../Frameworks",
				);
				MACOSX_DEPLOYMENT_TARGET = 10.15;
				PRODUCT_BUNDLE_IDENTIFIER = com.fortysevendegress.Tests;
				PRODUCT_NAME = "$(TARGET_NAME)";
				SWIFT_VERSION = 5.0;
			};
			name = Debug;
		};
		8B8B19BC23426AE4009D195A /* Release */ = {
			isa = XCBuildConfiguration;
			buildSettings = {
				CODE_SIGN_STYLE = Automatic;
				COMBINE_HIDPI_IMAGES = YES;
				INFOPLIST_FILE = Tests/Info.plist;
				LD_RUNPATH_SEARCH_PATHS = (
					"$(inherited)",
					"@executable_path/../Frameworks",
					"@loader_path/../Frameworks",
				);
				MACOSX_DEPLOYMENT_TARGET = 10.15;
				PRODUCT_BUNDLE_IDENTIFIER = com.fortysevendegress.Tests;
				PRODUCT_NAME = "$(TARGET_NAME)";
				SWIFT_VERSION = 5.0;
			};
			name = Release;
		};
		8B8B19C123426B47009D195A /* Debug */ = {
			isa = XCBuildConfiguration;
			buildSettings = {
				CODE_SIGN_STYLE = Automatic;
				PRODUCT_NAME = "$(TARGET_NAME)";
			};
			name = Debug;
		};
		8B8B19C223426B47009D195A /* Release */ = {
			isa = XCBuildConfiguration;
			buildSettings = {
				CODE_SIGN_STYLE = Automatic;
				PRODUCT_NAME = "$(TARGET_NAME)";
			};
			name = Release;
		};
		8BDE68DB233233CE009342AD /* Debug */ = {
			isa = XCBuildConfiguration;
			buildSettings = {
				ALWAYS_SEARCH_USER_PATHS = NO;
				CLANG_ANALYZER_NONNULL = YES;
				CLANG_ANALYZER_NUMBER_OBJECT_CONVERSION = YES_AGGRESSIVE;
				CLANG_CXX_LANGUAGE_STANDARD = "gnu++14";
				CLANG_CXX_LIBRARY = "libc++";
				CLANG_ENABLE_MODULES = YES;
				CLANG_ENABLE_OBJC_ARC = YES;
				CLANG_ENABLE_OBJC_WEAK = YES;
				CLANG_WARN_BLOCK_CAPTURE_AUTORELEASING = YES;
				CLANG_WARN_BOOL_CONVERSION = YES;
				CLANG_WARN_COMMA = YES;
				CLANG_WARN_CONSTANT_CONVERSION = YES;
				CLANG_WARN_DEPRECATED_OBJC_IMPLEMENTATIONS = YES;
				CLANG_WARN_DIRECT_OBJC_ISA_USAGE = YES_ERROR;
				CLANG_WARN_DOCUMENTATION_COMMENTS = YES;
				CLANG_WARN_EMPTY_BODY = YES;
				CLANG_WARN_ENUM_CONVERSION = YES;
				CLANG_WARN_INFINITE_RECURSION = YES;
				CLANG_WARN_INT_CONVERSION = YES;
				CLANG_WARN_NON_LITERAL_NULL_CONVERSION = YES;
				CLANG_WARN_OBJC_IMPLICIT_RETAIN_SELF = YES;
				CLANG_WARN_OBJC_LITERAL_CONVERSION = YES;
				CLANG_WARN_OBJC_ROOT_CLASS = YES_ERROR;
				CLANG_WARN_RANGE_LOOP_ANALYSIS = YES;
				CLANG_WARN_STRICT_PROTOTYPES = YES;
				CLANG_WARN_SUSPICIOUS_MOVE = YES;
				CLANG_WARN_UNGUARDED_AVAILABILITY = YES_AGGRESSIVE;
				CLANG_WARN_UNREACHABLE_CODE = YES;
				CLANG_WARN__DUPLICATE_METHOD_MATCH = YES;
				COPY_PHASE_STRIP = NO;
				DEBUG_INFORMATION_FORMAT = dwarf;
				ENABLE_STRICT_OBJC_MSGSEND = YES;
				ENABLE_TESTABILITY = YES;
				GCC_C_LANGUAGE_STANDARD = gnu11;
				GCC_DYNAMIC_NO_PIC = NO;
				GCC_NO_COMMON_BLOCKS = YES;
				GCC_OPTIMIZATION_LEVEL = 0;
				GCC_PREPROCESSOR_DEFINITIONS = (
					"DEBUG=1",
					"$(inherited)",
				);
				GCC_WARN_64_TO_32_BIT_CONVERSION = YES;
				GCC_WARN_ABOUT_RETURN_TYPE = YES_ERROR;
				GCC_WARN_UNDECLARED_SELECTOR = YES;
				GCC_WARN_UNINITIALIZED_AUTOS = YES_AGGRESSIVE;
				GCC_WARN_UNUSED_FUNCTION = YES;
				GCC_WARN_UNUSED_VARIABLE = YES;
				MACOSX_DEPLOYMENT_TARGET = 10.14;
				MTL_ENABLE_DEBUG_INFO = INCLUDE_SOURCE;
				MTL_FAST_MATH = YES;
				ONLY_ACTIVE_ARCH = YES;
				SDKROOT = macosx;
				SWIFT_ACTIVE_COMPILATION_CONDITIONS = DEBUG;
				SWIFT_OPTIMIZATION_LEVEL = "-Onone";
				SWIFT_VERSION = 5.0;
			};
			name = Debug;
		};
		8BDE68DC233233CE009342AD /* Release */ = {
			isa = XCBuildConfiguration;
			buildSettings = {
				ALWAYS_SEARCH_USER_PATHS = NO;
				CLANG_ANALYZER_NONNULL = YES;
				CLANG_ANALYZER_NUMBER_OBJECT_CONVERSION = YES_AGGRESSIVE;
				CLANG_CXX_LANGUAGE_STANDARD = "gnu++14";
				CLANG_CXX_LIBRARY = "libc++";
				CLANG_ENABLE_MODULES = YES;
				CLANG_ENABLE_OBJC_ARC = YES;
				CLANG_ENABLE_OBJC_WEAK = YES;
				CLANG_WARN_BLOCK_CAPTURE_AUTORELEASING = YES;
				CLANG_WARN_BOOL_CONVERSION = YES;
				CLANG_WARN_COMMA = YES;
				CLANG_WARN_CONSTANT_CONVERSION = YES;
				CLANG_WARN_DEPRECATED_OBJC_IMPLEMENTATIONS = YES;
				CLANG_WARN_DIRECT_OBJC_ISA_USAGE = YES_ERROR;
				CLANG_WARN_DOCUMENTATION_COMMENTS = YES;
				CLANG_WARN_EMPTY_BODY = YES;
				CLANG_WARN_ENUM_CONVERSION = YES;
				CLANG_WARN_INFINITE_RECURSION = YES;
				CLANG_WARN_INT_CONVERSION = YES;
				CLANG_WARN_NON_LITERAL_NULL_CONVERSION = YES;
				CLANG_WARN_OBJC_IMPLICIT_RETAIN_SELF = YES;
				CLANG_WARN_OBJC_LITERAL_CONVERSION = YES;
				CLANG_WARN_OBJC_ROOT_CLASS = YES_ERROR;
				CLANG_WARN_RANGE_LOOP_ANALYSIS = YES;
				CLANG_WARN_STRICT_PROTOTYPES = YES;
				CLANG_WARN_SUSPICIOUS_MOVE = YES;
				CLANG_WARN_UNGUARDED_AVAILABILITY = YES_AGGRESSIVE;
				CLANG_WARN_UNREACHABLE_CODE = YES;
				CLANG_WARN__DUPLICATE_METHOD_MATCH = YES;
				COPY_PHASE_STRIP = NO;
				DEBUG_INFORMATION_FORMAT = "dwarf-with-dsym";
				ENABLE_NS_ASSERTIONS = NO;
				ENABLE_STRICT_OBJC_MSGSEND = YES;
				GCC_C_LANGUAGE_STANDARD = gnu11;
				GCC_NO_COMMON_BLOCKS = YES;
				GCC_WARN_64_TO_32_BIT_CONVERSION = YES;
				GCC_WARN_ABOUT_RETURN_TYPE = YES_ERROR;
				GCC_WARN_UNDECLARED_SELECTOR = YES;
				GCC_WARN_UNINITIALIZED_AUTOS = YES_AGGRESSIVE;
				GCC_WARN_UNUSED_FUNCTION = YES;
				GCC_WARN_UNUSED_VARIABLE = YES;
				MACOSX_DEPLOYMENT_TARGET = 10.14;
				MTL_ENABLE_DEBUG_INFO = NO;
				MTL_FAST_MATH = YES;
				SDKROOT = macosx;
				SWIFT_COMPILATION_MODE = wholemodule;
				SWIFT_OPTIMIZATION_LEVEL = "-O";
				SWIFT_VERSION = 5.0;
			};
			name = Release;
		};
		8BDE68DE233233CE009342AD /* Debug */ = {
			isa = XCBuildConfiguration;
			buildSettings = {
				CODE_SIGN_STYLE = Automatic;
				DEFINES_MODULE = NO;
				INCLUDED_RECURSIVE_SEARCH_PATH_SUBDIRECTORIES = "/usr/local/lib/bow/openapi/templates bow/openapi/templates";
				PRODUCT_MODULE_NAME = BowOpenAPI;
				PRODUCT_NAME = "bow-openapi";
			};
			name = Debug;
		};
		8BDE68DF233233CE009342AD /* Release */ = {
			isa = XCBuildConfiguration;
			buildSettings = {
				CODE_SIGN_STYLE = Automatic;
				DEFINES_MODULE = NO;
				INCLUDED_RECURSIVE_SEARCH_PATH_SUBDIRECTORIES = "/usr/local/lib/bow/openapi/templates bow/openapi/templates";
				PRODUCT_MODULE_NAME = BowOpenAPI;
				PRODUCT_NAME = "bow-openapi";
			};
			name = Release;
		};
/* End XCBuildConfiguration section */

/* Begin XCConfigurationList section */
		8B8B19BA23426AE4009D195A /* Build configuration list for PBXNativeTarget "Tests" */ = {
			isa = XCConfigurationList;
			buildConfigurations = (
				8B8B19BB23426AE4009D195A /* Debug */,
				8B8B19BC23426AE4009D195A /* Release */,
			);
			defaultConfigurationIsVisible = 0;
			defaultConfigurationName = Release;
		};
		8B8B19C023426B47009D195A /* Build configuration list for PBXAggregateTarget "Fixtures" */ = {
			isa = XCConfigurationList;
			buildConfigurations = (
				8B8B19C123426B47009D195A /* Debug */,
				8B8B19C223426B47009D195A /* Release */,
			);
			defaultConfigurationIsVisible = 0;
			defaultConfigurationName = Release;
		};
		8BDE68D1233233CE009342AD /* Build configuration list for PBXProject "Bow OpenAPI" */ = {
			isa = XCConfigurationList;
			buildConfigurations = (
				8BDE68DB233233CE009342AD /* Debug */,
				8BDE68DC233233CE009342AD /* Release */,
			);
			defaultConfigurationIsVisible = 0;
			defaultConfigurationName = Release;
		};
		8BDE68DD233233CE009342AD /* Build configuration list for PBXNativeTarget "Bow OpenAPI" */ = {
			isa = XCConfigurationList;
			buildConfigurations = (
				8BDE68DE233233CE009342AD /* Debug */,
				8BDE68DF233233CE009342AD /* Release */,
			);
			defaultConfigurationIsVisible = 0;
			defaultConfigurationName = Release;
		};
/* End XCConfigurationList section */

/* Begin XCRemoteSwiftPackageReference section */
		8BD7091C233E5AED0018E06B /* XCRemoteSwiftPackageReference "bow" */ = {
			isa = XCRemoteSwiftPackageReference;
			repositoryURL = "https://github.com/bow-swift/bow.git";
			requirement = {
				branch = master;
				kind = branch;
			};
		};
		8BDE68E02332347D009342AD /* XCRemoteSwiftPackageReference "Swiftline" */ = {
			isa = XCRemoteSwiftPackageReference;
			repositoryURL = "https://github.com/bow-swift/Swiftline.git";
			requirement = {
				kind = upToNextMajorVersion;
				minimumVersion = 0.5.3;
			};
		};
/* End XCRemoteSwiftPackageReference section */

/* Begin XCSwiftPackageProductDependency section */
		8B8B19C623426B68009D195A /* Bow */ = {
			isa = XCSwiftPackageProductDependency;
			package = 8BD7091C233E5AED0018E06B /* XCRemoteSwiftPackageReference "bow" */;
			productName = Bow;
		};
		8B8B19C823426B68009D195A /* BowEffects */ = {
			isa = XCSwiftPackageProductDependency;
			package = 8BD7091C233E5AED0018E06B /* XCRemoteSwiftPackageReference "bow" */;
			productName = BowEffects;
		};
		8B8B19CA23426B68009D195A /* BowOptics */ = {
			isa = XCSwiftPackageProductDependency;
			package = 8BD7091C233E5AED0018E06B /* XCRemoteSwiftPackageReference "bow" */;
			productName = BowOptics;
		};
		8BD7091D233E5AED0018E06B /* BowEffects */ = {
			isa = XCSwiftPackageProductDependency;
			package = 8BD7091C233E5AED0018E06B /* XCRemoteSwiftPackageReference "bow" */;
			productName = BowEffects;
		};
		8BD7091F233E5AED0018E06B /* BowOptics */ = {
			isa = XCSwiftPackageProductDependency;
			package = 8BD7091C233E5AED0018E06B /* XCRemoteSwiftPackageReference "bow" */;
			productName = BowOptics;
		};
		8BD70921233E5AED0018E06B /* Bow */ = {
			isa = XCSwiftPackageProductDependency;
			package = 8BD7091C233E5AED0018E06B /* XCRemoteSwiftPackageReference "bow" */;
			productName = Bow;
		};
		8BDE68E12332347D009342AD /* Swiftline */ = {
			isa = XCSwiftPackageProductDependency;
			package = 8BDE68E02332347D009342AD /* XCRemoteSwiftPackageReference "Swiftline" */;
			productName = Swiftline;
		};
/* End XCSwiftPackageProductDependency section */
	};
	rootObject = 8BDE68CE233233CE009342AD /* Project object */;
}
